// !$*UTF8*$!
{
	archiveVersion = 1;
	classes = {
	};
	objectVersion = 51;
	objects = {

/* Begin PBXBuildFile section */
		381C17AE3B9E9E2E01C4F045 /* Pods_TranslationCards.framework in Frameworks */ = {isa = PBXBuildFile; fileRef = 2EB8D5204C067345354D68FE /* Pods_TranslationCards.framework */; };
		3B031E11239BBE5E00946F8D /* CGFloat.swift in Sources */ = {isa = PBXBuildFile; fileRef = 3B031E10239BBE5E00946F8D /* CGFloat.swift */; };
		3B031E13239BD92900946F8D /* LanguageCell.swift in Sources */ = {isa = PBXBuildFile; fileRef = 3B031E12239BD92900946F8D /* LanguageCell.swift */; };
		3B031E15239BEA1700946F8D /* FlagImages.xcassets in Resources */ = {isa = PBXBuildFile; fileRef = 3B031E14239BEA1700946F8D /* FlagImages.xcassets */; };
		3B031E17239BEA7200946F8D /* Language.swift in Sources */ = {isa = PBXBuildFile; fileRef = 3B031E16239BEA7200946F8D /* Language.swift */; };
		3B031E19239C048A00946F8D /* BackCardSideView.swift in Sources */ = {isa = PBXBuildFile; fileRef = 3B031E18239C048A00946F8D /* BackCardSideView.swift */; };
		3B1544D023A29311004C0B75 /* LanguageChoiceRouter.swift in Sources */ = {isa = PBXBuildFile; fileRef = 3B1544CD23A29311004C0B75 /* LanguageChoiceRouter.swift */; };
		3B1544D123A29311004C0B75 /* LanguageChoiceViewController.swift in Sources */ = {isa = PBXBuildFile; fileRef = 3B1544CE23A29311004C0B75 /* LanguageChoiceViewController.swift */; };
		3B1544D223A29311004C0B75 /* LanguageChoiceViewModel.swift in Sources */ = {isa = PBXBuildFile; fileRef = 3B1544CF23A29311004C0B75 /* LanguageChoiceViewModel.swift */; };
		3B242F6C239FA91800B90C41 /* PickerRouter.swift in Sources */ = {isa = PBXBuildFile; fileRef = 3B242F69239FA91800B90C41 /* PickerRouter.swift */; };
		3B242F6D239FA91800B90C41 /* PickerViewController.swift in Sources */ = {isa = PBXBuildFile; fileRef = 3B242F6A239FA91800B90C41 /* PickerViewController.swift */; };
		3B242F6E239FA91800B90C41 /* PickerViewModel.swift in Sources */ = {isa = PBXBuildFile; fileRef = 3B242F6B239FA91800B90C41 /* PickerViewModel.swift */; };
		3B242F71239FFF8500B90C41 /* ListenerService.swift in Sources */ = {isa = PBXBuildFile; fileRef = 3B242F70239FFF8500B90C41 /* ListenerService.swift */; };
		3B242F7323A0000000B90C41 /* ListenerServiceV1.swift in Sources */ = {isa = PBXBuildFile; fileRef = 3B242F7223A0000000B90C41 /* ListenerServiceV1.swift */; };
		3B319F2323855F4B0038A7AC /* ViewController.swift in Sources */ = {isa = PBXBuildFile; fileRef = 3B319F2023855F4A0038A7AC /* ViewController.swift */; };
		3B319F2423855F4B0038A7AC /* Router.swift in Sources */ = {isa = PBXBuildFile; fileRef = 3B319F2123855F4A0038A7AC /* Router.swift */; };
		3B319F2523855F4B0038A7AC /* ViewModel.swift in Sources */ = {isa = PBXBuildFile; fileRef = 3B319F2223855F4B0038A7AC /* ViewModel.swift */; };
		3B319F2D23855FC00038A7AC /* LogInRouter.swift in Sources */ = {isa = PBXBuildFile; fileRef = 3B319F2A23855FC00038A7AC /* LogInRouter.swift */; };
		3B319F2E23855FC00038A7AC /* LogInViewController.swift in Sources */ = {isa = PBXBuildFile; fileRef = 3B319F2B23855FC00038A7AC /* LogInViewController.swift */; };
		3B319F2F23855FC00038A7AC /* LogInViewModel.swift in Sources */ = {isa = PBXBuildFile; fileRef = 3B319F2C23855FC00038A7AC /* LogInViewModel.swift */; };
		3B319F32238562EE0038A7AC /* UIColor.swift in Sources */ = {isa = PBXBuildFile; fileRef = 3B319F31238562EE0038A7AC /* UIColor.swift */; };
		3B319F35238563D80038A7AC /* Screens.swift in Sources */ = {isa = PBXBuildFile; fileRef = 3B319F34238563D80038A7AC /* Screens.swift */; };
		3B319F37238567E00038A7AC /* NSAttributedString.swift in Sources */ = {isa = PBXBuildFile; fileRef = 3B319F36238567E00038A7AC /* NSAttributedString.swift */; };
		3B319F4B23856CF70038A7AC /* RobotoCondensed-BoldItalic.ttf in Resources */ = {isa = PBXBuildFile; fileRef = 3B319F3923856CF50038A7AC /* RobotoCondensed-BoldItalic.ttf */; };
		3B319F4C23856CF70038A7AC /* RobotoCondensed-LightItalic.ttf in Resources */ = {isa = PBXBuildFile; fileRef = 3B319F3A23856CF50038A7AC /* RobotoCondensed-LightItalic.ttf */; };
		3B319F4D23856CF70038A7AC /* Roboto-Medium.ttf in Resources */ = {isa = PBXBuildFile; fileRef = 3B319F3B23856CF50038A7AC /* Roboto-Medium.ttf */; };
		3B319F4E23856CF70038A7AC /* Roboto-MediumItalic.ttf in Resources */ = {isa = PBXBuildFile; fileRef = 3B319F3C23856CF60038A7AC /* Roboto-MediumItalic.ttf */; };
		3B319F4F23856CF70038A7AC /* RobotoCondensed-Bold.ttf in Resources */ = {isa = PBXBuildFile; fileRef = 3B319F3D23856CF60038A7AC /* RobotoCondensed-Bold.ttf */; };
		3B319F5023856CF70038A7AC /* RobotoCondensed-Italic.ttf in Resources */ = {isa = PBXBuildFile; fileRef = 3B319F3E23856CF60038A7AC /* RobotoCondensed-Italic.ttf */; };
		3B319F5123856CF70038A7AC /* Roboto-Light.ttf in Resources */ = {isa = PBXBuildFile; fileRef = 3B319F3F23856CF60038A7AC /* Roboto-Light.ttf */; };
		3B319F5223856CF70038A7AC /* Roboto-ThinItalic.ttf in Resources */ = {isa = PBXBuildFile; fileRef = 3B319F4023856CF60038A7AC /* Roboto-ThinItalic.ttf */; };
		3B319F5323856CF70038A7AC /* Roboto-Italic.ttf in Resources */ = {isa = PBXBuildFile; fileRef = 3B319F4123856CF60038A7AC /* Roboto-Italic.ttf */; };
		3B319F5423856CF70038A7AC /* Roboto-LightItalic.ttf in Resources */ = {isa = PBXBuildFile; fileRef = 3B319F4223856CF60038A7AC /* Roboto-LightItalic.ttf */; };
		3B319F5523856CF70038A7AC /* RobotoCondensed-Light.ttf in Resources */ = {isa = PBXBuildFile; fileRef = 3B319F4323856CF60038A7AC /* RobotoCondensed-Light.ttf */; };
		3B319F5623856CF70038A7AC /* RobotoCondensed-Regular.ttf in Resources */ = {isa = PBXBuildFile; fileRef = 3B319F4423856CF70038A7AC /* RobotoCondensed-Regular.ttf */; };
		3B319F5723856CF70038A7AC /* Roboto-BlackItalic.ttf in Resources */ = {isa = PBXBuildFile; fileRef = 3B319F4523856CF70038A7AC /* Roboto-BlackItalic.ttf */; };
		3B319F5823856CF70038A7AC /* Roboto-Bold.ttf in Resources */ = {isa = PBXBuildFile; fileRef = 3B319F4623856CF70038A7AC /* Roboto-Bold.ttf */; };
		3B319F5923856CF70038A7AC /* Roboto-Black.ttf in Resources */ = {isa = PBXBuildFile; fileRef = 3B319F4723856CF70038A7AC /* Roboto-Black.ttf */; };
		3B319F5A23856CF70038A7AC /* Roboto-Thin.ttf in Resources */ = {isa = PBXBuildFile; fileRef = 3B319F4823856CF70038A7AC /* Roboto-Thin.ttf */; };
		3B319F5B23856CF70038A7AC /* Roboto-BoldItalic.ttf in Resources */ = {isa = PBXBuildFile; fileRef = 3B319F4923856CF70038A7AC /* Roboto-BoldItalic.ttf */; };
		3B319F5C23856CF70038A7AC /* Roboto-Regular.ttf in Resources */ = {isa = PBXBuildFile; fileRef = 3B319F4A23856CF70038A7AC /* Roboto-Regular.ttf */; };
		3B319F5E23856E600038A7AC /* UIFont.swift in Sources */ = {isa = PBXBuildFile; fileRef = 3B319F5D23856E600038A7AC /* UIFont.swift */; };
		3B319F612385719E0038A7AC /* RoundedTextField.swift in Sources */ = {isa = PBXBuildFile; fileRef = 3B319F602385719E0038A7AC /* RoundedTextField.swift */; };
		3B319F6323857BFE0038A7AC /* RoundedButton.swift in Sources */ = {isa = PBXBuildFile; fileRef = 3B319F6223857BFE0038A7AC /* RoundedButton.swift */; };
		3B5721AF23853C8D008CAB42 /* AppDelegate.swift in Sources */ = {isa = PBXBuildFile; fileRef = 3B5721AE23853C8D008CAB42 /* AppDelegate.swift */; };
		3B5721B523853C8E008CAB42 /* Assets.xcassets in Resources */ = {isa = PBXBuildFile; fileRef = 3B5721B423853C8E008CAB42 /* Assets.xcassets */; };
		3B5721BB23853C8E008CAB42 /* LaunchScreen.storyboard in Resources */ = {isa = PBXBuildFile; fileRef = 3B5721B923853C8E008CAB42 /* LaunchScreen.storyboard */; };
		3B5721C423854980008CAB42 /* GoogleService-Info.plist in Resources */ = {isa = PBXBuildFile; fileRef = 3B5721C323854980008CAB42 /* GoogleService-Info.plist */; };
		3B573AFE23953B03006D5D5C /* AlertModel.swift in Sources */ = {isa = PBXBuildFile; fileRef = 3B573AFD23953B03006D5D5C /* AlertModel.swift */; };
		3B573B0023953B3C006D5D5C /* AlertBuilder.swift in Sources */ = {isa = PBXBuildFile; fileRef = 3B573AFF23953B3C006D5D5C /* AlertBuilder.swift */; };
		3B5A3BB423965F75009110A7 /* MainViewModel+Sections.swift in Sources */ = {isa = PBXBuildFile; fileRef = 3B5A3BB323965F75009110A7 /* MainViewModel+Sections.swift */; };
		3B5A3BB623968D56009110A7 /* DatabaseServiceAccessing.swift in Sources */ = {isa = PBXBuildFile; fileRef = 3B5A3BB523968D56009110A7 /* DatabaseServiceAccessing.swift */; };
		3B5A3BBB2396A345009110A7 /* CardsListRouter.swift in Sources */ = {isa = PBXBuildFile; fileRef = 3B5A3BB82396A345009110A7 /* CardsListRouter.swift */; };
		3B5A3BBC2396A345009110A7 /* CardsListViewController.swift in Sources */ = {isa = PBXBuildFile; fileRef = 3B5A3BB92396A345009110A7 /* CardsListViewController.swift */; };
		3B5A3BBD2396A345009110A7 /* CardsListViewModel.swift in Sources */ = {isa = PBXBuildFile; fileRef = 3B5A3BBA2396A345009110A7 /* CardsListViewModel.swift */; };
		3B5A3BC02396A51A009110A7 /* CardInfoCell.swift in Sources */ = {isa = PBXBuildFile; fileRef = 3B5A3BBF2396A51A009110A7 /* CardInfoCell.swift */; };
		3B5D511A2387E56700DCB5FB /* NavigationViewController.swift in Sources */ = {isa = PBXBuildFile; fileRef = 3B5D51182387E56700DCB5FB /* NavigationViewController.swift */; };
		3B5D511B2387E56700DCB5FB /* NavigationViewModel.swift in Sources */ = {isa = PBXBuildFile; fileRef = 3B5D51192387E56700DCB5FB /* NavigationViewModel.swift */; };
		3B5D511E2387E6F100DCB5FB /* MainNavigationViewController.swift in Sources */ = {isa = PBXBuildFile; fileRef = 3B5D511D2387E6F100DCB5FB /* MainNavigationViewController.swift */; };
		3B5D51202387E70400DCB5FB /* MainNavigationViewModel.swift in Sources */ = {isa = PBXBuildFile; fileRef = 3B5D511F2387E70400DCB5FB /* MainNavigationViewModel.swift */; };
		3B5D51222387E71400DCB5FB /* MainNavigationRouter.swift in Sources */ = {isa = PBXBuildFile; fileRef = 3B5D51212387E71400DCB5FB /* MainNavigationRouter.swift */; };
		3B5D51242387F41100DCB5FB /* RegisterCardView.swift in Sources */ = {isa = PBXBuildFile; fileRef = 3B5D51232387F41100DCB5FB /* RegisterCardView.swift */; };
		3B5D51262387F9F600DCB5FB /* TextFieldWithTopPlaceholder.swift in Sources */ = {isa = PBXBuildFile; fileRef = 3B5D51252387F9F600DCB5FB /* TextFieldWithTopPlaceholder.swift */; };
		3B5D51322388301200DCB5FB /* TransitionAnimator.swift in Sources */ = {isa = PBXBuildFile; fileRef = 3B5D51312388301200DCB5FB /* TransitionAnimator.swift */; };
		3B6CF099239E2E77007CDA17 /* SpeechService.swift in Sources */ = {isa = PBXBuildFile; fileRef = 3B6CF098239E2E77007CDA17 /* SpeechService.swift */; };
		3B6CF09B239E2E9A007CDA17 /* SpeechServiceV1.swift in Sources */ = {isa = PBXBuildFile; fileRef = 3B6CF09A239E2E9A007CDA17 /* SpeechServiceV1.swift */; };
		3B6CF09D239E33CC007CDA17 /* SpeechLanguageType.swift in Sources */ = {isa = PBXBuildFile; fileRef = 3B6CF09C239E33CC007CDA17 /* SpeechLanguageType.swift */; };
		3B6CF09F239E5CFA007CDA17 /* Reusable.swift in Sources */ = {isa = PBXBuildFile; fileRef = 3B6CF09E239E5CFA007CDA17 /* Reusable.swift */; };
		3B6CF0A4239E7D4C007CDA17 /* UIViewController.swift in Sources */ = {isa = PBXBuildFile; fileRef = 3B6CF0A3239E7D4C007CDA17 /* UIViewController.swift */; };
		3B825B8B2386885B009D62E8 /* Services.swift in Sources */ = {isa = PBXBuildFile; fileRef = 3B825B892386885B009D62E8 /* Services.swift */; };
		3B825B8E2386886F009D62E8 /* Service.swift in Sources */ = {isa = PBXBuildFile; fileRef = 3B825B8D2386886F009D62E8 /* Service.swift */; };
		3B825B9123868912009D62E8 /* AuthService.swift in Sources */ = {isa = PBXBuildFile; fileRef = 3B825B9023868912009D62E8 /* AuthService.swift */; };
		3B825B9323868A2E009D62E8 /* AuthServiceV1.swift in Sources */ = {isa = PBXBuildFile; fileRef = 3B825B9223868A2E009D62E8 /* AuthServiceV1.swift */; };
		3B825B9623868AFB009D62E8 /* ServiceError.swift in Sources */ = {isa = PBXBuildFile; fileRef = 3B825B9523868AFB009D62E8 /* ServiceError.swift */; };
		3B825B9823868B27009D62E8 /* BaseError.swift in Sources */ = {isa = PBXBuildFile; fileRef = 3B825B9723868B27009D62E8 /* BaseError.swift */; };
		3B825B9B23868E69009D62E8 /* User.swift in Sources */ = {isa = PBXBuildFile; fileRef = 3B825B9A23868E69009D62E8 /* User.swift */; };
		3B825B9F238692F6009D62E8 /* CredentialsService.swift in Sources */ = {isa = PBXBuildFile; fileRef = 3B825B9E238692F6009D62E8 /* CredentialsService.swift */; };
		3B825BA12386946B009D62E8 /* CredentialsServiceV1.swift in Sources */ = {isa = PBXBuildFile; fileRef = 3B825BA02386946B009D62E8 /* CredentialsServiceV1.swift */; };
		3B825BA4238695DA009D62E8 /* DatabaseService.swift in Sources */ = {isa = PBXBuildFile; fileRef = 3B825BA3238695DA009D62E8 /* DatabaseService.swift */; };
		3B825BA623869678009D62E8 /* FirestoreDatabaseService.swift in Sources */ = {isa = PBXBuildFile; fileRef = 3B825BA523869678009D62E8 /* FirestoreDatabaseService.swift */; };
		3B825BA82386982F009D62E8 /* String+FirestoreFieldsAndCollections.swift in Sources */ = {isa = PBXBuildFile; fileRef = 3B825BA72386982F009D62E8 /* String+FirestoreFieldsAndCollections.swift */; };
		3B825BAC23869AF9009D62E8 /* DataRepresentation.swift in Sources */ = {isa = PBXBuildFile; fileRef = 3B825BAB23869AF9009D62E8 /* DataRepresentation.swift */; };
		3B825BAE2386CD81009D62E8 /* String.swift in Sources */ = {isa = PBXBuildFile; fileRef = 3B825BAD2386CD81009D62E8 /* String.swift */; };
		3B825BB32386DFEC009D62E8 /* SignUpRouter.swift in Sources */ = {isa = PBXBuildFile; fileRef = 3B825BB02386DFEC009D62E8 /* SignUpRouter.swift */; };
		3B825BB42386DFEC009D62E8 /* SignUpViewController.swift in Sources */ = {isa = PBXBuildFile; fileRef = 3B825BB12386DFEC009D62E8 /* SignUpViewController.swift */; };
		3B825BB52386DFEC009D62E8 /* SignUpViewModel.swift in Sources */ = {isa = PBXBuildFile; fileRef = 3B825BB22386DFEC009D62E8 /* SignUpViewModel.swift */; };
		3B825BB72386ED89009D62E8 /* UINavigationController.swift in Sources */ = {isa = PBXBuildFile; fileRef = 3B825BB62386ED89009D62E8 /* UINavigationController.swift */; };
		3B8CF25223A7D2A400C2249A /* CABasicAnimation.swift in Sources */ = {isa = PBXBuildFile; fileRef = 3B8CF25123A7D2A400C2249A /* CABasicAnimation.swift */; };
		3B9550B223A4E86100BC9E8E /* KeyValueStorageService.swift in Sources */ = {isa = PBXBuildFile; fileRef = 3B9550B123A4E86100BC9E8E /* KeyValueStorageService.swift */; };
		3B9550B423A4E92000BC9E8E /* UserDefaultsService.swift in Sources */ = {isa = PBXBuildFile; fileRef = 3B9550B323A4E92000BC9E8E /* UserDefaultsService.swift */; };
		3B9550B623A50EE700BC9E8E /* KeyStorage.swift in Sources */ = {isa = PBXBuildFile; fileRef = 3B9550B523A50EE700BC9E8E /* KeyStorage.swift */; };
		3BA0E15F239AC45300F4830D /* CardSideView.swift in Sources */ = {isa = PBXBuildFile; fileRef = 3BEE43D6239803AB008F35AA /* CardSideView.swift */; };
		3BAC2824238C784B009950B4 /* TransitionAnimatorMaker.swift in Sources */ = {isa = PBXBuildFile; fileRef = 3BAC2823238C784B009950B4 /* TransitionAnimatorMaker.swift */; };
		3BC0414923A3CE2300C20EFA /* CustomOperators.swift in Sources */ = {isa = PBXBuildFile; fileRef = 3BC0414823A3CE2300C20EFA /* CustomOperators.swift */; };
		3BC0414B23A3D16200C20EFA /* DocumentReference.swift in Sources */ = {isa = PBXBuildFile; fileRef = 3BC0414A23A3D16200C20EFA /* DocumentReference.swift */; };
		3BC0414D23A3DA9400C20EFA /* AppRouter.swift in Sources */ = {isa = PBXBuildFile; fileRef = 3BC0414C23A3DA9400C20EFA /* AppRouter.swift */; };
		3BC52C2D238FC466006FB7F8 /* UITextField.swift in Sources */ = {isa = PBXBuildFile; fileRef = 3BC52C2C238FC466006FB7F8 /* UITextField.swift */; };
		3BC52C33238FD816006FB7F8 /* MainRouter.swift in Sources */ = {isa = PBXBuildFile; fileRef = 3BC52C30238FD816006FB7F8 /* MainRouter.swift */; };
		3BC52C34238FD816006FB7F8 /* MainViewController.swift in Sources */ = {isa = PBXBuildFile; fileRef = 3BC52C31238FD816006FB7F8 /* MainViewController.swift */; };
		3BC52C35238FD816006FB7F8 /* MainViewModel.swift in Sources */ = {isa = PBXBuildFile; fileRef = 3BC52C32238FD816006FB7F8 /* MainViewModel.swift */; };
		3BC52C37238FDA2C006FB7F8 /* PlusButton.swift in Sources */ = {isa = PBXBuildFile; fileRef = 3BC52C36238FDA2C006FB7F8 /* PlusButton.swift */; };
		3BC52C39238FE2BA006FB7F8 /* TransitionAnimatorProtocol.swift in Sources */ = {isa = PBXBuildFile; fileRef = 3BC52C38238FE2BA006FB7F8 /* TransitionAnimatorProtocol.swift */; };
		3BC52C3E238FF952006FB7F8 /* CreateCardPopUpRouter.swift in Sources */ = {isa = PBXBuildFile; fileRef = 3BC52C3B238FF952006FB7F8 /* CreateCardPopUpRouter.swift */; };
		3BC52C3F238FF952006FB7F8 /* CreateCardPopUpViewController.swift in Sources */ = {isa = PBXBuildFile; fileRef = 3BC52C3C238FF952006FB7F8 /* CreateCardPopUpViewController.swift */; };
		3BC52C40238FF952006FB7F8 /* CreateCardPopUpViewModel.swift in Sources */ = {isa = PBXBuildFile; fileRef = 3BC52C3D238FF952006FB7F8 /* CreateCardPopUpViewModel.swift */; };
		3BC52C42238FFF85006FB7F8 /* CreateTranslateCardView.swift in Sources */ = {isa = PBXBuildFile; fileRef = 3BC52C41238FFF85006FB7F8 /* CreateTranslateCardView.swift */; };
		3BC52C46239013D7006FB7F8 /* ModalTransitionAnimationDelegate.swift in Sources */ = {isa = PBXBuildFile; fileRef = 3BC52C45239013D7006FB7F8 /* ModalTransitionAnimationDelegate.swift */; };
		3BC99CC923902A9500D0D869 /* NavigationControllerDelegate.swift in Sources */ = {isa = PBXBuildFile; fileRef = 3BC99CC823902A9500D0D869 /* NavigationControllerDelegate.swift */; };
		3BC99CCB23902F9A00D0D869 /* ModalTransitionAnimator.swift in Sources */ = {isa = PBXBuildFile; fileRef = 3BC99CCA23902F9A00D0D869 /* ModalTransitionAnimator.swift */; };
		3BC99CCD2390303500D0D869 /* ModalTransitionAnimatorProtocol.swift in Sources */ = {isa = PBXBuildFile; fileRef = 3BC99CCC2390303500D0D869 /* ModalTransitionAnimatorProtocol.swift */; };
		3BC99CCF2390341300D0D869 /* ModalTransitionDelegate.swift in Sources */ = {isa = PBXBuildFile; fileRef = 3BC99CCE2390341300D0D869 /* ModalTransitionDelegate.swift */; };
		3BEE43CA2397D88A008F35AA /* CardSlideShowRouter.swift in Sources */ = {isa = PBXBuildFile; fileRef = 3BEE43C72397D88A008F35AA /* CardSlideShowRouter.swift */; };
		3BEE43CB2397D88A008F35AA /* CardSlideShowViewController.swift in Sources */ = {isa = PBXBuildFile; fileRef = 3BEE43C82397D88A008F35AA /* CardSlideShowViewController.swift */; };
		3BEE43CC2397D88A008F35AA /* CardSlideShowViewModel.swift in Sources */ = {isa = PBXBuildFile; fileRef = 3BEE43C92397D88A008F35AA /* CardSlideShowViewModel.swift */; };
		3BEE43CE2397DA9B008F35AA /* UIButton.swift in Sources */ = {isa = PBXBuildFile; fileRef = 3BEE43CD2397DA9B008F35AA /* UIButton.swift */; };
		3BEE43D02397DB0A008F35AA /* UIImage.swift in Sources */ = {isa = PBXBuildFile; fileRef = 3BEE43CF2397DB0A008F35AA /* UIImage.swift */; };
		3BEE43D32397FA96008F35AA /* CardCell.swift in Sources */ = {isa = PBXBuildFile; fileRef = 3BEE43D22397FA96008F35AA /* CardCell.swift */; };
		3BEE43D523980055008F35AA /* NSObject.swift in Sources */ = {isa = PBXBuildFile; fileRef = 3BEE43D423980055008F35AA /* NSObject.swift */; };
		3BEE43DA239808B5008F35AA /* CardSlideShowFlowLayout.swift in Sources */ = {isa = PBXBuildFile; fileRef = 3BEE43D9239808B5008F35AA /* CardSlideShowFlowLayout.swift */; };
		3BFCBD3D2391A30D00C9AA48 /* UIView.swift in Sources */ = {isa = PBXBuildFile; fileRef = 3BFCBD3C2391A30D00C9AA48 /* UIView.swift */; };
		3BFCBD3F2391B07E00C9AA48 /* TranslateCard.swift in Sources */ = {isa = PBXBuildFile; fileRef = 3BFCBD3E2391B07E00C9AA48 /* TranslateCard.swift */; };
		3BFCBD412391B4E100C9AA48 /* Date.swift in Sources */ = {isa = PBXBuildFile; fileRef = 3BFCBD402391B4E100C9AA48 /* Date.swift */; };
		3BFCBD442391C22100C9AA48 /* SringRepresantation.swift in Sources */ = {isa = PBXBuildFile; fileRef = 3BFCBD432391C22100C9AA48 /* SringRepresantation.swift */; };
		3BFCBD462391CD2600C9AA48 /* LanguageBind.swift in Sources */ = {isa = PBXBuildFile; fileRef = 3BFCBD452391CD2600C9AA48 /* LanguageBind.swift */; };
/* End PBXBuildFile section */

/* Begin PBXFileReference section */
		2EB8D5204C067345354D68FE /* Pods_TranslationCards.framework */ = {isa = PBXFileReference; explicitFileType = wrapper.framework; includeInIndex = 0; path = Pods_TranslationCards.framework; sourceTree = BUILT_PRODUCTS_DIR; };
		3B031E10239BBE5E00946F8D /* CGFloat.swift */ = {isa = PBXFileReference; lastKnownFileType = sourcecode.swift; path = CGFloat.swift; sourceTree = "<group>"; };
		3B031E12239BD92900946F8D /* LanguageCell.swift */ = {isa = PBXFileReference; lastKnownFileType = sourcecode.swift; path = LanguageCell.swift; sourceTree = "<group>"; };
		3B031E14239BEA1700946F8D /* FlagImages.xcassets */ = {isa = PBXFileReference; lastKnownFileType = folder.assetcatalog; path = FlagImages.xcassets; sourceTree = "<group>"; };
		3B031E16239BEA7200946F8D /* Language.swift */ = {isa = PBXFileReference; lastKnownFileType = sourcecode.swift; path = Language.swift; sourceTree = "<group>"; };
		3B031E18239C048A00946F8D /* BackCardSideView.swift */ = {isa = PBXFileReference; lastKnownFileType = sourcecode.swift; path = BackCardSideView.swift; sourceTree = "<group>"; };
		3B1544CD23A29311004C0B75 /* LanguageChoiceRouter.swift */ = {isa = PBXFileReference; lastKnownFileType = sourcecode.swift; path = LanguageChoiceRouter.swift; sourceTree = "<group>"; };
		3B1544CE23A29311004C0B75 /* LanguageChoiceViewController.swift */ = {isa = PBXFileReference; lastKnownFileType = sourcecode.swift; path = LanguageChoiceViewController.swift; sourceTree = "<group>"; };
		3B1544CF23A29311004C0B75 /* LanguageChoiceViewModel.swift */ = {isa = PBXFileReference; lastKnownFileType = sourcecode.swift; path = LanguageChoiceViewModel.swift; sourceTree = "<group>"; };
		3B242F69239FA91800B90C41 /* PickerRouter.swift */ = {isa = PBXFileReference; lastKnownFileType = sourcecode.swift; path = PickerRouter.swift; sourceTree = "<group>"; };
		3B242F6A239FA91800B90C41 /* PickerViewController.swift */ = {isa = PBXFileReference; lastKnownFileType = sourcecode.swift; path = PickerViewController.swift; sourceTree = "<group>"; };
		3B242F6B239FA91800B90C41 /* PickerViewModel.swift */ = {isa = PBXFileReference; lastKnownFileType = sourcecode.swift; path = PickerViewModel.swift; sourceTree = "<group>"; };
		3B242F70239FFF8500B90C41 /* ListenerService.swift */ = {isa = PBXFileReference; lastKnownFileType = sourcecode.swift; path = ListenerService.swift; sourceTree = "<group>"; };
		3B242F7223A0000000B90C41 /* ListenerServiceV1.swift */ = {isa = PBXFileReference; lastKnownFileType = sourcecode.swift; path = ListenerServiceV1.swift; sourceTree = "<group>"; };
		3B319F2023855F4A0038A7AC /* ViewController.swift */ = {isa = PBXFileReference; fileEncoding = 4; lastKnownFileType = sourcecode.swift; path = ViewController.swift; sourceTree = "<group>"; };
		3B319F2123855F4A0038A7AC /* Router.swift */ = {isa = PBXFileReference; fileEncoding = 4; lastKnownFileType = sourcecode.swift; path = Router.swift; sourceTree = "<group>"; };
		3B319F2223855F4B0038A7AC /* ViewModel.swift */ = {isa = PBXFileReference; fileEncoding = 4; lastKnownFileType = sourcecode.swift; path = ViewModel.swift; sourceTree = "<group>"; };
		3B319F2A23855FC00038A7AC /* LogInRouter.swift */ = {isa = PBXFileReference; lastKnownFileType = sourcecode.swift; path = LogInRouter.swift; sourceTree = "<group>"; };
		3B319F2B23855FC00038A7AC /* LogInViewController.swift */ = {isa = PBXFileReference; lastKnownFileType = sourcecode.swift; path = LogInViewController.swift; sourceTree = "<group>"; };
		3B319F2C23855FC00038A7AC /* LogInViewModel.swift */ = {isa = PBXFileReference; lastKnownFileType = sourcecode.swift; path = LogInViewModel.swift; sourceTree = "<group>"; };
		3B319F31238562EE0038A7AC /* UIColor.swift */ = {isa = PBXFileReference; lastKnownFileType = sourcecode.swift; path = UIColor.swift; sourceTree = "<group>"; };
		3B319F34238563D80038A7AC /* Screens.swift */ = {isa = PBXFileReference; lastKnownFileType = sourcecode.swift; path = Screens.swift; sourceTree = "<group>"; };
		3B319F36238567E00038A7AC /* NSAttributedString.swift */ = {isa = PBXFileReference; lastKnownFileType = sourcecode.swift; path = NSAttributedString.swift; sourceTree = "<group>"; };
		3B319F3923856CF50038A7AC /* RobotoCondensed-BoldItalic.ttf */ = {isa = PBXFileReference; lastKnownFileType = file; path = "RobotoCondensed-BoldItalic.ttf"; sourceTree = "<group>"; };
		3B319F3A23856CF50038A7AC /* RobotoCondensed-LightItalic.ttf */ = {isa = PBXFileReference; lastKnownFileType = file; path = "RobotoCondensed-LightItalic.ttf"; sourceTree = "<group>"; };
		3B319F3B23856CF50038A7AC /* Roboto-Medium.ttf */ = {isa = PBXFileReference; lastKnownFileType = file; path = "Roboto-Medium.ttf"; sourceTree = "<group>"; };
		3B319F3C23856CF60038A7AC /* Roboto-MediumItalic.ttf */ = {isa = PBXFileReference; lastKnownFileType = file; path = "Roboto-MediumItalic.ttf"; sourceTree = "<group>"; };
		3B319F3D23856CF60038A7AC /* RobotoCondensed-Bold.ttf */ = {isa = PBXFileReference; lastKnownFileType = file; path = "RobotoCondensed-Bold.ttf"; sourceTree = "<group>"; };
		3B319F3E23856CF60038A7AC /* RobotoCondensed-Italic.ttf */ = {isa = PBXFileReference; lastKnownFileType = file; path = "RobotoCondensed-Italic.ttf"; sourceTree = "<group>"; };
		3B319F3F23856CF60038A7AC /* Roboto-Light.ttf */ = {isa = PBXFileReference; lastKnownFileType = file; path = "Roboto-Light.ttf"; sourceTree = "<group>"; };
		3B319F4023856CF60038A7AC /* Roboto-ThinItalic.ttf */ = {isa = PBXFileReference; lastKnownFileType = file; path = "Roboto-ThinItalic.ttf"; sourceTree = "<group>"; };
		3B319F4123856CF60038A7AC /* Roboto-Italic.ttf */ = {isa = PBXFileReference; lastKnownFileType = file; path = "Roboto-Italic.ttf"; sourceTree = "<group>"; };
		3B319F4223856CF60038A7AC /* Roboto-LightItalic.ttf */ = {isa = PBXFileReference; lastKnownFileType = file; path = "Roboto-LightItalic.ttf"; sourceTree = "<group>"; };
		3B319F4323856CF60038A7AC /* RobotoCondensed-Light.ttf */ = {isa = PBXFileReference; lastKnownFileType = file; path = "RobotoCondensed-Light.ttf"; sourceTree = "<group>"; };
		3B319F4423856CF70038A7AC /* RobotoCondensed-Regular.ttf */ = {isa = PBXFileReference; lastKnownFileType = file; path = "RobotoCondensed-Regular.ttf"; sourceTree = "<group>"; };
		3B319F4523856CF70038A7AC /* Roboto-BlackItalic.ttf */ = {isa = PBXFileReference; lastKnownFileType = file; path = "Roboto-BlackItalic.ttf"; sourceTree = "<group>"; };
		3B319F4623856CF70038A7AC /* Roboto-Bold.ttf */ = {isa = PBXFileReference; lastKnownFileType = file; path = "Roboto-Bold.ttf"; sourceTree = "<group>"; };
		3B319F4723856CF70038A7AC /* Roboto-Black.ttf */ = {isa = PBXFileReference; lastKnownFileType = file; path = "Roboto-Black.ttf"; sourceTree = "<group>"; };
		3B319F4823856CF70038A7AC /* Roboto-Thin.ttf */ = {isa = PBXFileReference; lastKnownFileType = file; path = "Roboto-Thin.ttf"; sourceTree = "<group>"; };
		3B319F4923856CF70038A7AC /* Roboto-BoldItalic.ttf */ = {isa = PBXFileReference; lastKnownFileType = file; path = "Roboto-BoldItalic.ttf"; sourceTree = "<group>"; };
		3B319F4A23856CF70038A7AC /* Roboto-Regular.ttf */ = {isa = PBXFileReference; lastKnownFileType = file; path = "Roboto-Regular.ttf"; sourceTree = "<group>"; };
		3B319F5D23856E600038A7AC /* UIFont.swift */ = {isa = PBXFileReference; lastKnownFileType = sourcecode.swift; path = UIFont.swift; sourceTree = "<group>"; };
		3B319F602385719E0038A7AC /* RoundedTextField.swift */ = {isa = PBXFileReference; lastKnownFileType = sourcecode.swift; path = RoundedTextField.swift; sourceTree = "<group>"; };
		3B319F6223857BFE0038A7AC /* RoundedButton.swift */ = {isa = PBXFileReference; lastKnownFileType = sourcecode.swift; path = RoundedButton.swift; sourceTree = "<group>"; };
		3B5721AB23853C8D008CAB42 /* TranslationCards.app */ = {isa = PBXFileReference; explicitFileType = wrapper.application; includeInIndex = 0; path = TranslationCards.app; sourceTree = BUILT_PRODUCTS_DIR; };
		3B5721AE23853C8D008CAB42 /* AppDelegate.swift */ = {isa = PBXFileReference; lastKnownFileType = sourcecode.swift; path = AppDelegate.swift; sourceTree = "<group>"; };
		3B5721B423853C8E008CAB42 /* Assets.xcassets */ = {isa = PBXFileReference; lastKnownFileType = folder.assetcatalog; path = Assets.xcassets; sourceTree = "<group>"; };
		3B5721BA23853C8E008CAB42 /* Base */ = {isa = PBXFileReference; lastKnownFileType = file.storyboard; name = Base; path = Base.lproj/LaunchScreen.storyboard; sourceTree = "<group>"; };
		3B5721BC23853C8E008CAB42 /* Info.plist */ = {isa = PBXFileReference; lastKnownFileType = text.plist.xml; path = Info.plist; sourceTree = "<group>"; };
		3B5721C323854980008CAB42 /* GoogleService-Info.plist */ = {isa = PBXFileReference; fileEncoding = 4; lastKnownFileType = text.plist.xml; path = "GoogleService-Info.plist"; sourceTree = "<group>"; };
		3B573AFD23953B03006D5D5C /* AlertModel.swift */ = {isa = PBXFileReference; lastKnownFileType = sourcecode.swift; path = AlertModel.swift; sourceTree = "<group>"; };
		3B573AFF23953B3C006D5D5C /* AlertBuilder.swift */ = {isa = PBXFileReference; lastKnownFileType = sourcecode.swift; path = AlertBuilder.swift; sourceTree = "<group>"; };
		3B5A3BB323965F75009110A7 /* MainViewModel+Sections.swift */ = {isa = PBXFileReference; lastKnownFileType = sourcecode.swift; path = "MainViewModel+Sections.swift"; sourceTree = "<group>"; };
		3B5A3BB523968D56009110A7 /* DatabaseServiceAccessing.swift */ = {isa = PBXFileReference; lastKnownFileType = sourcecode.swift; path = DatabaseServiceAccessing.swift; sourceTree = "<group>"; };
		3B5A3BB82396A345009110A7 /* CardsListRouter.swift */ = {isa = PBXFileReference; lastKnownFileType = sourcecode.swift; path = CardsListRouter.swift; sourceTree = "<group>"; };
		3B5A3BB92396A345009110A7 /* CardsListViewController.swift */ = {isa = PBXFileReference; lastKnownFileType = sourcecode.swift; path = CardsListViewController.swift; sourceTree = "<group>"; };
		3B5A3BBA2396A345009110A7 /* CardsListViewModel.swift */ = {isa = PBXFileReference; lastKnownFileType = sourcecode.swift; path = CardsListViewModel.swift; sourceTree = "<group>"; };
		3B5A3BBF2396A51A009110A7 /* CardInfoCell.swift */ = {isa = PBXFileReference; lastKnownFileType = sourcecode.swift; path = CardInfoCell.swift; sourceTree = "<group>"; };
		3B5D51182387E56700DCB5FB /* NavigationViewController.swift */ = {isa = PBXFileReference; fileEncoding = 4; lastKnownFileType = sourcecode.swift; path = NavigationViewController.swift; sourceTree = "<group>"; };
		3B5D51192387E56700DCB5FB /* NavigationViewModel.swift */ = {isa = PBXFileReference; fileEncoding = 4; lastKnownFileType = sourcecode.swift; path = NavigationViewModel.swift; sourceTree = "<group>"; };
		3B5D511D2387E6F100DCB5FB /* MainNavigationViewController.swift */ = {isa = PBXFileReference; lastKnownFileType = sourcecode.swift; path = MainNavigationViewController.swift; sourceTree = "<group>"; };
		3B5D511F2387E70400DCB5FB /* MainNavigationViewModel.swift */ = {isa = PBXFileReference; lastKnownFileType = sourcecode.swift; path = MainNavigationViewModel.swift; sourceTree = "<group>"; };
		3B5D51212387E71400DCB5FB /* MainNavigationRouter.swift */ = {isa = PBXFileReference; lastKnownFileType = sourcecode.swift; path = MainNavigationRouter.swift; sourceTree = "<group>"; };
		3B5D51232387F41100DCB5FB /* RegisterCardView.swift */ = {isa = PBXFileReference; lastKnownFileType = sourcecode.swift; path = RegisterCardView.swift; sourceTree = "<group>"; };
		3B5D51252387F9F600DCB5FB /* TextFieldWithTopPlaceholder.swift */ = {isa = PBXFileReference; lastKnownFileType = sourcecode.swift; path = TextFieldWithTopPlaceholder.swift; sourceTree = "<group>"; };
		3B5D51312388301200DCB5FB /* TransitionAnimator.swift */ = {isa = PBXFileReference; lastKnownFileType = sourcecode.swift; path = TransitionAnimator.swift; sourceTree = "<group>"; };
		3B6CF098239E2E77007CDA17 /* SpeechService.swift */ = {isa = PBXFileReference; lastKnownFileType = sourcecode.swift; path = SpeechService.swift; sourceTree = "<group>"; };
		3B6CF09A239E2E9A007CDA17 /* SpeechServiceV1.swift */ = {isa = PBXFileReference; lastKnownFileType = sourcecode.swift; path = SpeechServiceV1.swift; sourceTree = "<group>"; };
		3B6CF09C239E33CC007CDA17 /* SpeechLanguageType.swift */ = {isa = PBXFileReference; lastKnownFileType = sourcecode.swift; path = SpeechLanguageType.swift; sourceTree = "<group>"; };
		3B6CF09E239E5CFA007CDA17 /* Reusable.swift */ = {isa = PBXFileReference; lastKnownFileType = sourcecode.swift; path = Reusable.swift; sourceTree = "<group>"; };
		3B6CF0A3239E7D4C007CDA17 /* UIViewController.swift */ = {isa = PBXFileReference; lastKnownFileType = sourcecode.swift; path = UIViewController.swift; sourceTree = "<group>"; };
		3B825B892386885B009D62E8 /* Services.swift */ = {isa = PBXFileReference; fileEncoding = 4; lastKnownFileType = sourcecode.swift; path = Services.swift; sourceTree = "<group>"; };
		3B825B8D2386886F009D62E8 /* Service.swift */ = {isa = PBXFileReference; fileEncoding = 4; lastKnownFileType = sourcecode.swift; path = Service.swift; sourceTree = "<group>"; };
		3B825B9023868912009D62E8 /* AuthService.swift */ = {isa = PBXFileReference; lastKnownFileType = sourcecode.swift; path = AuthService.swift; sourceTree = "<group>"; };
		3B825B9223868A2E009D62E8 /* AuthServiceV1.swift */ = {isa = PBXFileReference; lastKnownFileType = sourcecode.swift; path = AuthServiceV1.swift; sourceTree = "<group>"; };
		3B825B9523868AFB009D62E8 /* ServiceError.swift */ = {isa = PBXFileReference; lastKnownFileType = sourcecode.swift; path = ServiceError.swift; sourceTree = "<group>"; };
		3B825B9723868B27009D62E8 /* BaseError.swift */ = {isa = PBXFileReference; lastKnownFileType = sourcecode.swift; path = BaseError.swift; sourceTree = "<group>"; };
		3B825B9A23868E69009D62E8 /* User.swift */ = {isa = PBXFileReference; lastKnownFileType = sourcecode.swift; path = User.swift; sourceTree = "<group>"; };
		3B825B9E238692F6009D62E8 /* CredentialsService.swift */ = {isa = PBXFileReference; lastKnownFileType = sourcecode.swift; path = CredentialsService.swift; sourceTree = "<group>"; };
		3B825BA02386946B009D62E8 /* CredentialsServiceV1.swift */ = {isa = PBXFileReference; lastKnownFileType = sourcecode.swift; path = CredentialsServiceV1.swift; sourceTree = "<group>"; };
		3B825BA3238695DA009D62E8 /* DatabaseService.swift */ = {isa = PBXFileReference; lastKnownFileType = sourcecode.swift; path = DatabaseService.swift; sourceTree = "<group>"; };
		3B825BA523869678009D62E8 /* FirestoreDatabaseService.swift */ = {isa = PBXFileReference; lastKnownFileType = sourcecode.swift; path = FirestoreDatabaseService.swift; sourceTree = "<group>"; };
		3B825BA72386982F009D62E8 /* String+FirestoreFieldsAndCollections.swift */ = {isa = PBXFileReference; lastKnownFileType = sourcecode.swift; path = "String+FirestoreFieldsAndCollections.swift"; sourceTree = "<group>"; };
		3B825BAB23869AF9009D62E8 /* DataRepresentation.swift */ = {isa = PBXFileReference; lastKnownFileType = sourcecode.swift; path = DataRepresentation.swift; sourceTree = "<group>"; };
		3B825BAD2386CD81009D62E8 /* String.swift */ = {isa = PBXFileReference; lastKnownFileType = sourcecode.swift; path = String.swift; sourceTree = "<group>"; };
		3B825BB02386DFEC009D62E8 /* SignUpRouter.swift */ = {isa = PBXFileReference; lastKnownFileType = sourcecode.swift; path = SignUpRouter.swift; sourceTree = "<group>"; };
		3B825BB12386DFEC009D62E8 /* SignUpViewController.swift */ = {isa = PBXFileReference; lastKnownFileType = sourcecode.swift; path = SignUpViewController.swift; sourceTree = "<group>"; };
		3B825BB22386DFEC009D62E8 /* SignUpViewModel.swift */ = {isa = PBXFileReference; lastKnownFileType = sourcecode.swift; path = SignUpViewModel.swift; sourceTree = "<group>"; };
		3B825BB62386ED89009D62E8 /* UINavigationController.swift */ = {isa = PBXFileReference; lastKnownFileType = sourcecode.swift; path = UINavigationController.swift; sourceTree = "<group>"; };
		3B8CF25123A7D2A400C2249A /* CABasicAnimation.swift */ = {isa = PBXFileReference; lastKnownFileType = sourcecode.swift; path = CABasicAnimation.swift; sourceTree = "<group>"; };
		3B9550B123A4E86100BC9E8E /* KeyValueStorageService.swift */ = {isa = PBXFileReference; lastKnownFileType = sourcecode.swift; path = KeyValueStorageService.swift; sourceTree = "<group>"; };
		3B9550B323A4E92000BC9E8E /* UserDefaultsService.swift */ = {isa = PBXFileReference; lastKnownFileType = sourcecode.swift; path = UserDefaultsService.swift; sourceTree = "<group>"; };
		3B9550B523A50EE700BC9E8E /* KeyStorage.swift */ = {isa = PBXFileReference; lastKnownFileType = sourcecode.swift; path = KeyStorage.swift; sourceTree = "<group>"; };
		3BAC2823238C784B009950B4 /* TransitionAnimatorMaker.swift */ = {isa = PBXFileReference; lastKnownFileType = sourcecode.swift; path = TransitionAnimatorMaker.swift; sourceTree = "<group>"; };
		3BC0414823A3CE2300C20EFA /* CustomOperators.swift */ = {isa = PBXFileReference; lastKnownFileType = sourcecode.swift; path = CustomOperators.swift; sourceTree = "<group>"; };
		3BC0414A23A3D16200C20EFA /* DocumentReference.swift */ = {isa = PBXFileReference; fileEncoding = 4; lastKnownFileType = sourcecode.swift; path = DocumentReference.swift; sourceTree = "<group>"; };
		3BC0414C23A3DA9400C20EFA /* AppRouter.swift */ = {isa = PBXFileReference; lastKnownFileType = sourcecode.swift; path = AppRouter.swift; sourceTree = "<group>"; };
		3BC52C2C238FC466006FB7F8 /* UITextField.swift */ = {isa = PBXFileReference; lastKnownFileType = sourcecode.swift; path = UITextField.swift; sourceTree = "<group>"; };
		3BC52C30238FD816006FB7F8 /* MainRouter.swift */ = {isa = PBXFileReference; lastKnownFileType = sourcecode.swift; path = MainRouter.swift; sourceTree = "<group>"; };
		3BC52C31238FD816006FB7F8 /* MainViewController.swift */ = {isa = PBXFileReference; lastKnownFileType = sourcecode.swift; path = MainViewController.swift; sourceTree = "<group>"; };
		3BC52C32238FD816006FB7F8 /* MainViewModel.swift */ = {isa = PBXFileReference; lastKnownFileType = sourcecode.swift; path = MainViewModel.swift; sourceTree = "<group>"; };
		3BC52C36238FDA2C006FB7F8 /* PlusButton.swift */ = {isa = PBXFileReference; lastKnownFileType = sourcecode.swift; path = PlusButton.swift; sourceTree = "<group>"; };
		3BC52C38238FE2BA006FB7F8 /* TransitionAnimatorProtocol.swift */ = {isa = PBXFileReference; lastKnownFileType = sourcecode.swift; path = TransitionAnimatorProtocol.swift; sourceTree = "<group>"; };
		3BC52C3B238FF952006FB7F8 /* CreateCardPopUpRouter.swift */ = {isa = PBXFileReference; lastKnownFileType = sourcecode.swift; path = CreateCardPopUpRouter.swift; sourceTree = "<group>"; };
		3BC52C3C238FF952006FB7F8 /* CreateCardPopUpViewController.swift */ = {isa = PBXFileReference; lastKnownFileType = sourcecode.swift; path = CreateCardPopUpViewController.swift; sourceTree = "<group>"; };
		3BC52C3D238FF952006FB7F8 /* CreateCardPopUpViewModel.swift */ = {isa = PBXFileReference; lastKnownFileType = sourcecode.swift; path = CreateCardPopUpViewModel.swift; sourceTree = "<group>"; };
		3BC52C41238FFF85006FB7F8 /* CreateTranslateCardView.swift */ = {isa = PBXFileReference; lastKnownFileType = sourcecode.swift; path = CreateTranslateCardView.swift; sourceTree = "<group>"; };
		3BC52C45239013D7006FB7F8 /* ModalTransitionAnimationDelegate.swift */ = {isa = PBXFileReference; lastKnownFileType = sourcecode.swift; path = ModalTransitionAnimationDelegate.swift; sourceTree = "<group>"; };
		3BC99CC823902A9500D0D869 /* NavigationControllerDelegate.swift */ = {isa = PBXFileReference; lastKnownFileType = sourcecode.swift; path = NavigationControllerDelegate.swift; sourceTree = "<group>"; };
		3BC99CCA23902F9A00D0D869 /* ModalTransitionAnimator.swift */ = {isa = PBXFileReference; lastKnownFileType = sourcecode.swift; path = ModalTransitionAnimator.swift; sourceTree = "<group>"; };
		3BC99CCC2390303500D0D869 /* ModalTransitionAnimatorProtocol.swift */ = {isa = PBXFileReference; lastKnownFileType = sourcecode.swift; path = ModalTransitionAnimatorProtocol.swift; sourceTree = "<group>"; };
		3BC99CCE2390341300D0D869 /* ModalTransitionDelegate.swift */ = {isa = PBXFileReference; fileEncoding = 4; lastKnownFileType = sourcecode.swift; path = ModalTransitionDelegate.swift; sourceTree = "<group>"; };
		3BEE43C72397D88A008F35AA /* CardSlideShowRouter.swift */ = {isa = PBXFileReference; lastKnownFileType = sourcecode.swift; path = CardSlideShowRouter.swift; sourceTree = "<group>"; };
		3BEE43C82397D88A008F35AA /* CardSlideShowViewController.swift */ = {isa = PBXFileReference; lastKnownFileType = sourcecode.swift; path = CardSlideShowViewController.swift; sourceTree = "<group>"; };
		3BEE43C92397D88A008F35AA /* CardSlideShowViewModel.swift */ = {isa = PBXFileReference; lastKnownFileType = sourcecode.swift; path = CardSlideShowViewModel.swift; sourceTree = "<group>"; };
		3BEE43CD2397DA9B008F35AA /* UIButton.swift */ = {isa = PBXFileReference; lastKnownFileType = sourcecode.swift; path = UIButton.swift; sourceTree = "<group>"; };
		3BEE43CF2397DB0A008F35AA /* UIImage.swift */ = {isa = PBXFileReference; lastKnownFileType = sourcecode.swift; path = UIImage.swift; sourceTree = "<group>"; };
		3BEE43D22397FA96008F35AA /* CardCell.swift */ = {isa = PBXFileReference; lastKnownFileType = sourcecode.swift; path = CardCell.swift; sourceTree = "<group>"; };
		3BEE43D423980055008F35AA /* NSObject.swift */ = {isa = PBXFileReference; lastKnownFileType = sourcecode.swift; path = NSObject.swift; sourceTree = "<group>"; };
		3BEE43D6239803AB008F35AA /* CardSideView.swift */ = {isa = PBXFileReference; lastKnownFileType = sourcecode.swift; path = CardSideView.swift; sourceTree = "<group>"; };
		3BEE43D9239808B5008F35AA /* CardSlideShowFlowLayout.swift */ = {isa = PBXFileReference; lastKnownFileType = sourcecode.swift; path = CardSlideShowFlowLayout.swift; sourceTree = "<group>"; };
		3BFCBD3C2391A30D00C9AA48 /* UIView.swift */ = {isa = PBXFileReference; lastKnownFileType = sourcecode.swift; path = UIView.swift; sourceTree = "<group>"; };
		3BFCBD3E2391B07E00C9AA48 /* TranslateCard.swift */ = {isa = PBXFileReference; lastKnownFileType = sourcecode.swift; path = TranslateCard.swift; sourceTree = "<group>"; };
		3BFCBD402391B4E100C9AA48 /* Date.swift */ = {isa = PBXFileReference; lastKnownFileType = sourcecode.swift; path = Date.swift; sourceTree = "<group>"; };
		3BFCBD432391C22100C9AA48 /* SringRepresantation.swift */ = {isa = PBXFileReference; lastKnownFileType = sourcecode.swift; path = SringRepresantation.swift; sourceTree = "<group>"; };
		3BFCBD452391CD2600C9AA48 /* LanguageBind.swift */ = {isa = PBXFileReference; lastKnownFileType = sourcecode.swift; path = LanguageBind.swift; sourceTree = "<group>"; };
		A1BD44A03D54340959641A21 /* Pods-TranslationCards.debug.xcconfig */ = {isa = PBXFileReference; includeInIndex = 1; lastKnownFileType = text.xcconfig; name = "Pods-TranslationCards.debug.xcconfig"; path = "Target Support Files/Pods-TranslationCards/Pods-TranslationCards.debug.xcconfig"; sourceTree = "<group>"; };
		D964A9ADE437BAC3C2A16C31 /* Pods-TranslationCards.release.xcconfig */ = {isa = PBXFileReference; includeInIndex = 1; lastKnownFileType = text.xcconfig; name = "Pods-TranslationCards.release.xcconfig"; path = "Target Support Files/Pods-TranslationCards/Pods-TranslationCards.release.xcconfig"; sourceTree = "<group>"; };
/* End PBXFileReference section */

/* Begin PBXFrameworksBuildPhase section */
		3B5721A823853C8D008CAB42 /* Frameworks */ = {
			isa = PBXFrameworksBuildPhase;
			buildActionMask = 2147483647;
			files = (
				381C17AE3B9E9E2E01C4F045 /* Pods_TranslationCards.framework in Frameworks */,
			);
			runOnlyForDeploymentPostprocessing = 0;
		};
/* End PBXFrameworksBuildPhase section */

/* Begin PBXGroup section */
		3B1544CC23A28C84004C0B75 /* LangChoice */ = {
			isa = PBXGroup;
			children = (
				3B1544CE23A29311004C0B75 /* LanguageChoiceViewController.swift */,
				3B1544CF23A29311004C0B75 /* LanguageChoiceViewModel.swift */,
				3B1544CD23A29311004C0B75 /* LanguageChoiceRouter.swift */,
			);
			path = LangChoice;
			sourceTree = "<group>";
		};
		3B242F68239FA8FB00B90C41 /* Picker */ = {
			isa = PBXGroup;
			children = (
				3B242F6A239FA91800B90C41 /* PickerViewController.swift */,
				3B242F6B239FA91800B90C41 /* PickerViewModel.swift */,
				3B242F69239FA91800B90C41 /* PickerRouter.swift */,
			);
			path = Picker;
			sourceTree = "<group>";
		};
		3B242F6F239FFF5800B90C41 /* Listener */ = {
			isa = PBXGroup;
			children = (
				3B242F70239FFF8500B90C41 /* ListenerService.swift */,
				3B242F7223A0000000B90C41 /* ListenerServiceV1.swift */,
			);
			path = Listener;
			sourceTree = "<group>";
		};
		3B319F1F238559F30038A7AC /* Base */ = {
			isa = PBXGroup;
			children = (
				3B825BAA23869AD6009D62E8 /* MVVM */,
				3B825BA923869AC7009D62E8 /* Protocols */,
			);
			path = Base;
			sourceTree = "<group>";
		};
		3B319F2623855F780038A7AC /* UI Modules */ = {
			isa = PBXGroup;
			children = (
				3B5D511C2387E6AE00DCB5FB /* Navigation */,
				3B319F2923855FAD0038A7AC /* LogIn */,
				3B825BAF2386DF92009D62E8 /* Sign Up */,
				3BC52C2F238FD70F006FB7F8 /* Main */,
				3BC52C3A238FF8EE006FB7F8 /* CreateCardPopUp */,
				3B5A3BB72396A321009110A7 /* Cards List */,
				3BEE43C62397D858008F35AA /* CardSlideShow */,
				3B242F68239FA8FB00B90C41 /* Picker */,
				3B1544CC23A28C84004C0B75 /* LangChoice */,
			);
			path = "UI Modules";
			sourceTree = "<group>";
		};
		3B319F2923855FAD0038A7AC /* LogIn */ = {
			isa = PBXGroup;
			children = (
				3B319F2B23855FC00038A7AC /* LogInViewController.swift */,
				3B319F2C23855FC00038A7AC /* LogInViewModel.swift */,
				3B319F2A23855FC00038A7AC /* LogInRouter.swift */,
			);
			path = LogIn;
			sourceTree = "<group>";
		};
		3B319F30238562D60038A7AC /* Extensions */ = {
			isa = PBXGroup;
			children = (
				3B319F31238562EE0038A7AC /* UIColor.swift */,
				3B319F36238567E00038A7AC /* NSAttributedString.swift */,
				3B319F5D23856E600038A7AC /* UIFont.swift */,
				3B825BAD2386CD81009D62E8 /* String.swift */,
				3BC52C2C238FC466006FB7F8 /* UITextField.swift */,
				3BFCBD3C2391A30D00C9AA48 /* UIView.swift */,
				3BFCBD402391B4E100C9AA48 /* Date.swift */,
				3BEE43CD2397DA9B008F35AA /* UIButton.swift */,
				3BEE43CF2397DB0A008F35AA /* UIImage.swift */,
				3BEE43D423980055008F35AA /* NSObject.swift */,
				3B031E10239BBE5E00946F8D /* CGFloat.swift */,
				3B6CF09E239E5CFA007CDA17 /* Reusable.swift */,
				3B6CF0A3239E7D4C007CDA17 /* UIViewController.swift */,
				3B825BB62386ED89009D62E8 /* UINavigationController.swift */,
				3BC0414A23A3D16200C20EFA /* DocumentReference.swift */,
				3BC0414823A3CE2300C20EFA /* CustomOperators.swift */,
				3B8CF25123A7D2A400C2249A /* CABasicAnimation.swift */,
			);
			path = Extensions;
			sourceTree = "<group>";
		};
		3B319F33238563B90038A7AC /* Screens */ = {
			isa = PBXGroup;
			children = (
				3B319F34238563D80038A7AC /* Screens.swift */,
			);
			path = Screens;
			sourceTree = "<group>";
		};
		3B319F3823856CDB0038A7AC /* Fonts */ = {
			isa = PBXGroup;
			children = (
				3B319F4723856CF70038A7AC /* Roboto-Black.ttf */,
				3B319F4523856CF70038A7AC /* Roboto-BlackItalic.ttf */,
				3B319F4623856CF70038A7AC /* Roboto-Bold.ttf */,
				3B319F4923856CF70038A7AC /* Roboto-BoldItalic.ttf */,
				3B319F4123856CF60038A7AC /* Roboto-Italic.ttf */,
				3B319F3F23856CF60038A7AC /* Roboto-Light.ttf */,
				3B319F4223856CF60038A7AC /* Roboto-LightItalic.ttf */,
				3B319F3B23856CF50038A7AC /* Roboto-Medium.ttf */,
				3B319F3C23856CF60038A7AC /* Roboto-MediumItalic.ttf */,
				3B319F4A23856CF70038A7AC /* Roboto-Regular.ttf */,
				3B319F4823856CF70038A7AC /* Roboto-Thin.ttf */,
				3B319F4023856CF60038A7AC /* Roboto-ThinItalic.ttf */,
				3B319F3D23856CF60038A7AC /* RobotoCondensed-Bold.ttf */,
				3B319F3923856CF50038A7AC /* RobotoCondensed-BoldItalic.ttf */,
				3B319F3E23856CF60038A7AC /* RobotoCondensed-Italic.ttf */,
				3B319F4323856CF60038A7AC /* RobotoCondensed-Light.ttf */,
				3B319F3A23856CF50038A7AC /* RobotoCondensed-LightItalic.ttf */,
				3B319F4423856CF70038A7AC /* RobotoCondensed-Regular.ttf */,
			);
			path = Fonts;
			sourceTree = "<group>";
		};
		3B319F5F238571660038A7AC /* Custom Views */ = {
			isa = PBXGroup;
			children = (
				3BA376A2239FA4E200665A8B /* Buttons */,
				3BA376A1239FA4D500665A8B /* TextFields */,
				3BA376A0239FA49300665A8B /* Views */,
				3BEE43D8239806BD008F35AA /* Flow Layout */,
				3BEE43D12397FA6A008F35AA /* Collection Cell */,
				3B5A3BBE2396A3EF009110A7 /* Table Cells */,
			);
			path = "Custom Views";
			sourceTree = "<group>";
		};
		3B5721A223853C8C008CAB42 = {
			isa = PBXGroup;
			children = (
				3B5721AD23853C8D008CAB42 /* TranslationCards */,
				3B5721AC23853C8D008CAB42 /* Products */,
				B272EFD8B9C4D12BD27AA4AC /* Pods */,
				AEB8CE9735F50815070E1637 /* Frameworks */,
			);
			sourceTree = "<group>";
		};
		3B5721AC23853C8D008CAB42 /* Products */ = {
			isa = PBXGroup;
			children = (
				3B5721AB23853C8D008CAB42 /* TranslationCards.app */,
			);
			name = Products;
			sourceTree = "<group>";
		};
		3B5721AD23853C8D008CAB42 /* TranslationCards */ = {
			isa = PBXGroup;
			children = (
				3B5721AE23853C8D008CAB42 /* AppDelegate.swift */,
				3BC0414C23A3DA9400C20EFA /* AppRouter.swift */,
				3B319F30238562D60038A7AC /* Extensions */,
				3B319F1F238559F30038A7AC /* Base */,
				3B319F33238563B90038A7AC /* Screens */,
				3B319F2623855F780038A7AC /* UI Modules */,
				3B825B8723868809009D62E8 /* Services */,
				3BC99CC62390272D00D0D869 /* Tools */,
				3B825B9923868E4E009D62E8 /* Models */,
				3B319F5F238571660038A7AC /* Custom Views */,
				3B5721C223853EC5008CAB42 /* Resources */,
			);
			path = TranslationCards;
			sourceTree = "<group>";
		};
		3B5721C223853EC5008CAB42 /* Resources */ = {
			isa = PBXGroup;
			children = (
				3B319F3823856CDB0038A7AC /* Fonts */,
				3B5721B423853C8E008CAB42 /* Assets.xcassets */,
				3B5721B923853C8E008CAB42 /* LaunchScreen.storyboard */,
				3B5721BC23853C8E008CAB42 /* Info.plist */,
				3B5721C323854980008CAB42 /* GoogleService-Info.plist */,
				3B031E14239BEA1700946F8D /* FlagImages.xcassets */,
			);
			path = Resources;
			sourceTree = "<group>";
		};
		3B573AFC23953AEA006D5D5C /* Alert Making */ = {
			isa = PBXGroup;
			children = (
				3B573AFD23953B03006D5D5C /* AlertModel.swift */,
				3B573AFF23953B3C006D5D5C /* AlertBuilder.swift */,
			);
			path = "Alert Making";
			sourceTree = "<group>";
		};
		3B5A3BB72396A321009110A7 /* Cards List */ = {
			isa = PBXGroup;
			children = (
				3B5A3BB92396A345009110A7 /* CardsListViewController.swift */,
				3B5A3BBA2396A345009110A7 /* CardsListViewModel.swift */,
				3B5A3BB82396A345009110A7 /* CardsListRouter.swift */,
			);
			path = "Cards List";
			sourceTree = "<group>";
		};
		3B5A3BBE2396A3EF009110A7 /* Table Cells */ = {
			isa = PBXGroup;
			children = (
				3B5A3BBF2396A51A009110A7 /* CardInfoCell.swift */,
				3B031E12239BD92900946F8D /* LanguageCell.swift */,
			);
			path = "Table Cells";
			sourceTree = "<group>";
		};
		3B5D511C2387E6AE00DCB5FB /* Navigation */ = {
			isa = PBXGroup;
			children = (
				3B5D511D2387E6F100DCB5FB /* MainNavigationViewController.swift */,
				3B5D511F2387E70400DCB5FB /* MainNavigationViewModel.swift */,
				3B5D51212387E71400DCB5FB /* MainNavigationRouter.swift */,
			);
			path = Navigation;
			sourceTree = "<group>";
		};
		3B6CF097239E2E49007CDA17 /* Speech */ = {
			isa = PBXGroup;
			children = (
				3B6CF098239E2E77007CDA17 /* SpeechService.swift */,
				3B6CF09A239E2E9A007CDA17 /* SpeechServiceV1.swift */,
				3B6CF09C239E33CC007CDA17 /* SpeechLanguageType.swift */,
			);
			path = Speech;
			sourceTree = "<group>";
		};
		3B825B8723868809009D62E8 /* Services */ = {
			isa = PBXGroup;
			children = (
				3B825B8C23868865009D62E8 /* Base */,
				3B825B892386885B009D62E8 /* Services.swift */,
				3B825B8F238688F7009D62E8 /* Auth */,
				3B825B9C238692B3009D62E8 /* Credentials */,
				3B6CF097239E2E49007CDA17 /* Speech */,
				3B825B9D238692CE009D62E8 /* Database */,
				3B242F6F239FFF5800B90C41 /* Listener */,
				3B9550B023A4E66B00BC9E8E /* UserDefaults */,
			);
			path = Services;
			sourceTree = "<group>";
		};
		3B825B8C23868865009D62E8 /* Base */ = {
			isa = PBXGroup;
			children = (
				3B825B8D2386886F009D62E8 /* Service.swift */,
			);
			path = Base;
			sourceTree = "<group>";
		};
		3B825B8F238688F7009D62E8 /* Auth */ = {
			isa = PBXGroup;
			children = (
				3B825B9023868912009D62E8 /* AuthService.swift */,
				3B825B9223868A2E009D62E8 /* AuthServiceV1.swift */,
			);
			path = Auth;
			sourceTree = "<group>";
		};
		3B825B9423868AED009D62E8 /* Error */ = {
			isa = PBXGroup;
			children = (
				3B825B9723868B27009D62E8 /* BaseError.swift */,
				3B825B9523868AFB009D62E8 /* ServiceError.swift */,
			);
			path = Error;
			sourceTree = "<group>";
		};
		3B825B9923868E4E009D62E8 /* Models */ = {
			isa = PBXGroup;
			children = (
				3B825B9A23868E69009D62E8 /* User.swift */,
				3BFCBD3E2391B07E00C9AA48 /* TranslateCard.swift */,
				3BFCBD452391CD2600C9AA48 /* LanguageBind.swift */,
				3B031E16239BEA7200946F8D /* Language.swift */,
			);
			path = Models;
			sourceTree = "<group>";
		};
		3B825B9C238692B3009D62E8 /* Credentials */ = {
			isa = PBXGroup;
			children = (
				3B825B9E238692F6009D62E8 /* CredentialsService.swift */,
				3B825BA02386946B009D62E8 /* CredentialsServiceV1.swift */,
			);
			path = Credentials;
			sourceTree = "<group>";
		};
		3B825B9D238692CE009D62E8 /* Database */ = {
			isa = PBXGroup;
			children = (
				3B825BA3238695DA009D62E8 /* DatabaseService.swift */,
				3B825BA523869678009D62E8 /* FirestoreDatabaseService.swift */,
				3B825BA72386982F009D62E8 /* String+FirestoreFieldsAndCollections.swift */,
			);
			path = Database;
			sourceTree = "<group>";
		};
		3B825BA923869AC7009D62E8 /* Protocols */ = {
			isa = PBXGroup;
			children = (
				3B825B9423868AED009D62E8 /* Error */,
				3B825BAB23869AF9009D62E8 /* DataRepresentation.swift */,
				3BFCBD432391C22100C9AA48 /* SringRepresantation.swift */,
				3B5A3BB523968D56009110A7 /* DatabaseServiceAccessing.swift */,
			);
			path = Protocols;
			sourceTree = "<group>";
		};
		3B825BAA23869AD6009D62E8 /* MVVM */ = {
			isa = PBXGroup;
			children = (
				3B319F2023855F4A0038A7AC /* ViewController.swift */,
				3B319F2223855F4B0038A7AC /* ViewModel.swift */,
				3B319F2123855F4A0038A7AC /* Router.swift */,
				3B5D51182387E56700DCB5FB /* NavigationViewController.swift */,
				3B5D51192387E56700DCB5FB /* NavigationViewModel.swift */,
			);
			path = MVVM;
			sourceTree = "<group>";
		};
		3B825BAF2386DF92009D62E8 /* Sign Up */ = {
			isa = PBXGroup;
			children = (
				3B825BB12386DFEC009D62E8 /* SignUpViewController.swift */,
				3B825BB22386DFEC009D62E8 /* SignUpViewModel.swift */,
				3B825BB02386DFEC009D62E8 /* SignUpRouter.swift */,
			);
			path = "Sign Up";
			sourceTree = "<group>";
		};
		3B88E93223913F2C0052DB7F /* Transition Animation */ = {
			isa = PBXGroup;
			children = (
				3BC52C45239013D7006FB7F8 /* ModalTransitionAnimationDelegate.swift */,
				3BC99CCA23902F9A00D0D869 /* ModalTransitionAnimator.swift */,
				3B5D51312388301200DCB5FB /* TransitionAnimator.swift */,
				3BC99CC823902A9500D0D869 /* NavigationControllerDelegate.swift */,
				3BAC2823238C784B009950B4 /* TransitionAnimatorMaker.swift */,
				3BC52C38238FE2BA006FB7F8 /* TransitionAnimatorProtocol.swift */,
				3BC99CCC2390303500D0D869 /* ModalTransitionAnimatorProtocol.swift */,
				3BC99CCE2390341300D0D869 /* ModalTransitionDelegate.swift */,
			);
			path = "Transition Animation";
			sourceTree = "<group>";
		};
		3B9550B023A4E66B00BC9E8E /* UserDefaults */ = {
			isa = PBXGroup;
			children = (
				3B9550B123A4E86100BC9E8E /* KeyValueStorageService.swift */,
				3B9550B323A4E92000BC9E8E /* UserDefaultsService.swift */,
				3B9550B523A50EE700BC9E8E /* KeyStorage.swift */,
			);
			path = UserDefaults;
			sourceTree = "<group>";
		};
		3BA376A0239FA49300665A8B /* Views */ = {
			isa = PBXGroup;
			children = (
				3BEE43D6239803AB008F35AA /* CardSideView.swift */,
				3B031E18239C048A00946F8D /* BackCardSideView.swift */,
				3B5D51232387F41100DCB5FB /* RegisterCardView.swift */,
				3B5D51252387F9F600DCB5FB /* TextFieldWithTopPlaceholder.swift */,
				3BC52C41238FFF85006FB7F8 /* CreateTranslateCardView.swift */,
			);
			path = Views;
			sourceTree = "<group>";
		};
		3BA376A1239FA4D500665A8B /* TextFields */ = {
			isa = PBXGroup;
			children = (
				3B319F602385719E0038A7AC /* RoundedTextField.swift */,
			);
			path = TextFields;
			sourceTree = "<group>";
		};
		3BA376A2239FA4E200665A8B /* Buttons */ = {
			isa = PBXGroup;
			children = (
				3B319F6223857BFE0038A7AC /* RoundedButton.swift */,
				3BC52C36238FDA2C006FB7F8 /* PlusButton.swift */,
			);
			path = Buttons;
			sourceTree = "<group>";
		};
		3BC52C2F238FD70F006FB7F8 /* Main */ = {
			isa = PBXGroup;
			children = (
				3BC52C31238FD816006FB7F8 /* MainViewController.swift */,
				3BC52C32238FD816006FB7F8 /* MainViewModel.swift */,
				3B5A3BB323965F75009110A7 /* MainViewModel+Sections.swift */,
				3BC52C30238FD816006FB7F8 /* MainRouter.swift */,
			);
			path = Main;
			sourceTree = "<group>";
		};
		3BC52C3A238FF8EE006FB7F8 /* CreateCardPopUp */ = {
			isa = PBXGroup;
			children = (
				3BC52C3C238FF952006FB7F8 /* CreateCardPopUpViewController.swift */,
				3BC52C3D238FF952006FB7F8 /* CreateCardPopUpViewModel.swift */,
				3BC52C3B238FF952006FB7F8 /* CreateCardPopUpRouter.swift */,
			);
			path = CreateCardPopUp;
			sourceTree = "<group>";
		};
		3BC99CC62390272D00D0D869 /* Tools */ = {
			isa = PBXGroup;
			children = (
				3B573AFC23953AEA006D5D5C /* Alert Making */,
				3B88E93223913F2C0052DB7F /* Transition Animation */,
			);
			path = Tools;
			sourceTree = "<group>";
		};
		3BEE43C62397D858008F35AA /* CardSlideShow */ = {
			isa = PBXGroup;
			children = (
				3BEE43C82397D88A008F35AA /* CardSlideShowViewController.swift */,
				3BEE43C92397D88A008F35AA /* CardSlideShowViewModel.swift */,
				3BEE43C72397D88A008F35AA /* CardSlideShowRouter.swift */,
			);
			path = CardSlideShow;
			sourceTree = "<group>";
		};
		3BEE43D12397FA6A008F35AA /* Collection Cell */ = {
			isa = PBXGroup;
			children = (
				3BEE43D22397FA96008F35AA /* CardCell.swift */,
			);
			path = "Collection Cell";
			sourceTree = "<group>";
		};
		3BEE43D8239806BD008F35AA /* Flow Layout */ = {
			isa = PBXGroup;
			children = (
				3BEE43D9239808B5008F35AA /* CardSlideShowFlowLayout.swift */,
			);
			path = "Flow Layout";
			sourceTree = "<group>";
		};
		AEB8CE9735F50815070E1637 /* Frameworks */ = {
			isa = PBXGroup;
			children = (
				2EB8D5204C067345354D68FE /* Pods_TranslationCards.framework */,
			);
			name = Frameworks;
			sourceTree = "<group>";
		};
		B272EFD8B9C4D12BD27AA4AC /* Pods */ = {
			isa = PBXGroup;
			children = (
				A1BD44A03D54340959641A21 /* Pods-TranslationCards.debug.xcconfig */,
				D964A9ADE437BAC3C2A16C31 /* Pods-TranslationCards.release.xcconfig */,
			);
			path = Pods;
			sourceTree = "<group>";
		};
/* End PBXGroup section */

/* Begin PBXNativeTarget section */
		3B5721AA23853C8D008CAB42 /* TranslationCards */ = {
			isa = PBXNativeTarget;
			buildConfigurationList = 3B5721BF23853C8E008CAB42 /* Build configuration list for PBXNativeTarget "TranslationCards" */;
			buildPhases = (
				9442D74A26C512B689CE45D4 /* [CP] Check Pods Manifest.lock */,
				3B5721A723853C8D008CAB42 /* Sources */,
				3B5721A823853C8D008CAB42 /* Frameworks */,
				3B5721A923853C8D008CAB42 /* Resources */,
				1879F5E7A87AA7DFC2D66077 /* [CP] Embed Pods Frameworks */,
			);
			buildRules = (
			);
			dependencies = (
			);
			name = TranslationCards;
			productName = TranslationCards;
			productReference = 3B5721AB23853C8D008CAB42 /* TranslationCards.app */;
			productType = "com.apple.product-type.application";
		};
/* End PBXNativeTarget section */

/* Begin PBXProject section */
		3B5721A323853C8C008CAB42 /* Project object */ = {
			isa = PBXProject;
			attributes = {
				LastSwiftUpdateCheck = 1110;
				LastUpgradeCheck = 1110;
				ORGANIZATIONNAME = "Dmytro Vorko";
				TargetAttributes = {
					3B5721AA23853C8D008CAB42 = {
						CreatedOnToolsVersion = 11.1;
					};
				};
			};
			buildConfigurationList = 3B5721A623853C8C008CAB42 /* Build configuration list for PBXProject "TranslationCards" */;
			compatibilityVersion = "Xcode 9.3";
			developmentRegion = en;
			hasScannedForEncodings = 0;
			knownRegions = (
				en,
				Base,
			);
			mainGroup = 3B5721A223853C8C008CAB42;
			productRefGroup = 3B5721AC23853C8D008CAB42 /* Products */;
			projectDirPath = "";
			projectRoot = "";
			targets = (
				3B5721AA23853C8D008CAB42 /* TranslationCards */,
			);
		};
/* End PBXProject section */

/* Begin PBXResourcesBuildPhase section */
		3B5721A923853C8D008CAB42 /* Resources */ = {
			isa = PBXResourcesBuildPhase;
			buildActionMask = 2147483647;
			files = (
				3B5721BB23853C8E008CAB42 /* LaunchScreen.storyboard in Resources */,
				3B319F5323856CF70038A7AC /* Roboto-Italic.ttf in Resources */,
				3B5721B523853C8E008CAB42 /* Assets.xcassets in Resources */,
				3B319F5623856CF70038A7AC /* RobotoCondensed-Regular.ttf in Resources */,
				3B319F5123856CF70038A7AC /* Roboto-Light.ttf in Resources */,
				3B319F5923856CF70038A7AC /* Roboto-Black.ttf in Resources */,
				3B319F5523856CF70038A7AC /* RobotoCondensed-Light.ttf in Resources */,
				3B319F5823856CF70038A7AC /* Roboto-Bold.ttf in Resources */,
				3B319F5423856CF70038A7AC /* Roboto-LightItalic.ttf in Resources */,
				3B319F5723856CF70038A7AC /* Roboto-BlackItalic.ttf in Resources */,
				3B319F5223856CF70038A7AC /* Roboto-ThinItalic.ttf in Resources */,
				3B319F4F23856CF70038A7AC /* RobotoCondensed-Bold.ttf in Resources */,
				3B319F4D23856CF70038A7AC /* Roboto-Medium.ttf in Resources */,
				3B031E15239BEA1700946F8D /* FlagImages.xcassets in Resources */,
				3B319F4C23856CF70038A7AC /* RobotoCondensed-LightItalic.ttf in Resources */,
				3B319F5A23856CF70038A7AC /* Roboto-Thin.ttf in Resources */,
				3B319F5C23856CF70038A7AC /* Roboto-Regular.ttf in Resources */,
				3B319F5023856CF70038A7AC /* RobotoCondensed-Italic.ttf in Resources */,
				3B319F4E23856CF70038A7AC /* Roboto-MediumItalic.ttf in Resources */,
				3B319F4B23856CF70038A7AC /* RobotoCondensed-BoldItalic.ttf in Resources */,
				3B319F5B23856CF70038A7AC /* Roboto-BoldItalic.ttf in Resources */,
				3B5721C423854980008CAB42 /* GoogleService-Info.plist in Resources */,
			);
			runOnlyForDeploymentPostprocessing = 0;
		};
/* End PBXResourcesBuildPhase section */

/* Begin PBXShellScriptBuildPhase section */
		1879F5E7A87AA7DFC2D66077 /* [CP] Embed Pods Frameworks */ = {
			isa = PBXShellScriptBuildPhase;
			buildActionMask = 2147483647;
			files = (
			);
			inputFileListPaths = (
				"${PODS_ROOT}/Target Support Files/Pods-TranslationCards/Pods-TranslationCards-frameworks-${CONFIGURATION}-input-files.xcfilelist",
			);
			name = "[CP] Embed Pods Frameworks";
			outputFileListPaths = (
				"${PODS_ROOT}/Target Support Files/Pods-TranslationCards/Pods-TranslationCards-frameworks-${CONFIGURATION}-output-files.xcfilelist",
			);
			runOnlyForDeploymentPostprocessing = 0;
			shellPath = /bin/sh;
			shellScript = "\"${PODS_ROOT}/Target Support Files/Pods-TranslationCards/Pods-TranslationCards-frameworks.sh\"\n";
			showEnvVarsInLog = 0;
		};
		9442D74A26C512B689CE45D4 /* [CP] Check Pods Manifest.lock */ = {
			isa = PBXShellScriptBuildPhase;
			buildActionMask = 2147483647;
			files = (
			);
			inputFileListPaths = (
			);
			inputPaths = (
				"${PODS_PODFILE_DIR_PATH}/Podfile.lock",
				"${PODS_ROOT}/Manifest.lock",
			);
			name = "[CP] Check Pods Manifest.lock";
			outputFileListPaths = (
			);
			outputPaths = (
				"$(DERIVED_FILE_DIR)/Pods-TranslationCards-checkManifestLockResult.txt",
			);
			runOnlyForDeploymentPostprocessing = 0;
			shellPath = /bin/sh;
			shellScript = "diff \"${PODS_PODFILE_DIR_PATH}/Podfile.lock\" \"${PODS_ROOT}/Manifest.lock\" > /dev/null\nif [ $? != 0 ] ; then\n    # print error to STDERR\n    echo \"error: The sandbox is not in sync with the Podfile.lock. Run 'pod install' or update your CocoaPods installation.\" >&2\n    exit 1\nfi\n# This output is used by Xcode 'outputs' to avoid re-running this script phase.\necho \"SUCCESS\" > \"${SCRIPT_OUTPUT_FILE_0}\"\n";
			showEnvVarsInLog = 0;
		};
/* End PBXShellScriptBuildPhase section */

/* Begin PBXSourcesBuildPhase section */
		3B5721A723853C8D008CAB42 /* Sources */ = {
			isa = PBXSourcesBuildPhase;
			buildActionMask = 2147483647;
			files = (
				3B825BAC23869AF9009D62E8 /* DataRepresentation.swift in Sources */,
				3BC52C39238FE2BA006FB7F8 /* TransitionAnimatorProtocol.swift in Sources */,
				3B319F2F23855FC00038A7AC /* LogInViewModel.swift in Sources */,
				3B319F2323855F4B0038A7AC /* ViewController.swift in Sources */,
				3B5D51222387E71400DCB5FB /* MainNavigationRouter.swift in Sources */,
				3BC0414923A3CE2300C20EFA /* CustomOperators.swift in Sources */,
				3BEE43DA239808B5008F35AA /* CardSlideShowFlowLayout.swift in Sources */,
				3BFCBD442391C22100C9AA48 /* SringRepresantation.swift in Sources */,
				3B9550B223A4E86100BC9E8E /* KeyValueStorageService.swift in Sources */,
				3B5A3BBC2396A345009110A7 /* CardsListViewController.swift in Sources */,
				3BFCBD412391B4E100C9AA48 /* Date.swift in Sources */,
				3BC52C2D238FC466006FB7F8 /* UITextField.swift in Sources */,
				3BC52C3F238FF952006FB7F8 /* CreateCardPopUpViewController.swift in Sources */,
				3BAC2824238C784B009950B4 /* TransitionAnimatorMaker.swift in Sources */,
				3B5D511B2387E56700DCB5FB /* NavigationViewModel.swift in Sources */,
				3B825BAE2386CD81009D62E8 /* String.swift in Sources */,
				3BC52C37238FDA2C006FB7F8 /* PlusButton.swift in Sources */,
				3BC52C42238FFF85006FB7F8 /* CreateTranslateCardView.swift in Sources */,
				3B242F6C239FA91800B90C41 /* PickerRouter.swift in Sources */,
				3B5D511E2387E6F100DCB5FB /* MainNavigationViewController.swift in Sources */,
				3B242F6D239FA91800B90C41 /* PickerViewController.swift in Sources */,
				3B5A3BB623968D56009110A7 /* DatabaseServiceAccessing.swift in Sources */,
				3BC52C40238FF952006FB7F8 /* CreateCardPopUpViewModel.swift in Sources */,
				3B825B8E2386886F009D62E8 /* Service.swift in Sources */,
				3BEE43D32397FA96008F35AA /* CardCell.swift in Sources */,
				3B319F2423855F4B0038A7AC /* Router.swift in Sources */,
				3BC52C34238FD816006FB7F8 /* MainViewController.swift in Sources */,
				3B825B9823868B27009D62E8 /* BaseError.swift in Sources */,
				3B242F7323A0000000B90C41 /* ListenerServiceV1.swift in Sources */,
				3B6CF0A4239E7D4C007CDA17 /* UIViewController.swift in Sources */,
				3B5A3BBB2396A345009110A7 /* CardsListRouter.swift in Sources */,
				3B5A3BC02396A51A009110A7 /* CardInfoCell.swift in Sources */,
				3B825B8B2386885B009D62E8 /* Services.swift in Sources */,
				3B5D511A2387E56700DCB5FB /* NavigationViewController.swift in Sources */,
				3B242F6E239FA91800B90C41 /* PickerViewModel.swift in Sources */,
				3B031E13239BD92900946F8D /* LanguageCell.swift in Sources */,
				3BC0414D23A3DA9400C20EFA /* AppRouter.swift in Sources */,
				3B319F2E23855FC00038A7AC /* LogInViewController.swift in Sources */,
				3B1544D023A29311004C0B75 /* LanguageChoiceRouter.swift in Sources */,
				3B825B9623868AFB009D62E8 /* ServiceError.swift in Sources */,
				3B5D51242387F41100DCB5FB /* RegisterCardView.swift in Sources */,
				3B573AFE23953B03006D5D5C /* AlertModel.swift in Sources */,
				3B825B9B23868E69009D62E8 /* User.swift in Sources */,
				3BFCBD3D2391A30D00C9AA48 /* UIView.swift in Sources */,
				3B825BA82386982F009D62E8 /* String+FirestoreFieldsAndCollections.swift in Sources */,
				3B319F2523855F4B0038A7AC /* ViewModel.swift in Sources */,
				3B825BA623869678009D62E8 /* FirestoreDatabaseService.swift in Sources */,
				3BEE43CE2397DA9B008F35AA /* UIButton.swift in Sources */,
				3B5A3BBD2396A345009110A7 /* CardsListViewModel.swift in Sources */,
				3B9550B623A50EE700BC9E8E /* KeyStorage.swift in Sources */,
				3BEE43CC2397D88A008F35AA /* CardSlideShowViewModel.swift in Sources */,
				3B319F32238562EE0038A7AC /* UIColor.swift in Sources */,
				3B319F5E23856E600038A7AC /* UIFont.swift in Sources */,
				3B825BB42386DFEC009D62E8 /* SignUpViewController.swift in Sources */,
				3BEE43CB2397D88A008F35AA /* CardSlideShowViewController.swift in Sources */,
				3B825BB32386DFEC009D62E8 /* SignUpRouter.swift in Sources */,
				3BFCBD462391CD2600C9AA48 /* LanguageBind.swift in Sources */,
				3B825B9F238692F6009D62E8 /* CredentialsService.swift in Sources */,
				3BC99CC923902A9500D0D869 /* NavigationControllerDelegate.swift in Sources */,
				3B031E11239BBE5E00946F8D /* CGFloat.swift in Sources */,
				3B6CF09F239E5CFA007CDA17 /* Reusable.swift in Sources */,
				3B319F612385719E0038A7AC /* RoundedTextField.swift in Sources */,
				3BEE43D02397DB0A008F35AA /* UIImage.swift in Sources */,
				3BC99CCF2390341300D0D869 /* ModalTransitionDelegate.swift in Sources */,
				3B319F35238563D80038A7AC /* Screens.swift in Sources */,
				3B825BA12386946B009D62E8 /* CredentialsServiceV1.swift in Sources */,
				3BC52C33238FD816006FB7F8 /* MainRouter.swift in Sources */,
				3BC0414B23A3D16200C20EFA /* DocumentReference.swift in Sources */,
				3B8CF25223A7D2A400C2249A /* CABasicAnimation.swift in Sources */,
				3B825BB52386DFEC009D62E8 /* SignUpViewModel.swift in Sources */,
				3BA0E15F239AC45300F4830D /* CardSideView.swift in Sources */,
				3B573B0023953B3C006D5D5C /* AlertBuilder.swift in Sources */,
				3BEE43CA2397D88A008F35AA /* CardSlideShowRouter.swift in Sources */,
				3BFCBD3F2391B07E00C9AA48 /* TranslateCard.swift in Sources */,
				3B031E17239BEA7200946F8D /* Language.swift in Sources */,
				3BEE43D523980055008F35AA /* NSObject.swift in Sources */,
				3B1544D223A29311004C0B75 /* LanguageChoiceViewModel.swift in Sources */,
				3B319F37238567E00038A7AC /* NSAttributedString.swift in Sources */,
				3B5A3BB423965F75009110A7 /* MainViewModel+Sections.swift in Sources */,
				3B6CF09B239E2E9A007CDA17 /* SpeechServiceV1.swift in Sources */,
				3B9550B423A4E92000BC9E8E /* UserDefaultsService.swift in Sources */,
				3BC52C3E238FF952006FB7F8 /* CreateCardPopUpRouter.swift in Sources */,
				3B825B9323868A2E009D62E8 /* AuthServiceV1.swift in Sources */,
				3B5D51202387E70400DCB5FB /* MainNavigationViewModel.swift in Sources */,
				3B5D51262387F9F600DCB5FB /* TextFieldWithTopPlaceholder.swift in Sources */,
				3BC52C46239013D7006FB7F8 /* ModalTransitionAnimationDelegate.swift in Sources */,
				3B5D51322388301200DCB5FB /* TransitionAnimator.swift in Sources */,
				3B825BA4238695DA009D62E8 /* DatabaseService.swift in Sources */,
				3B6CF09D239E33CC007CDA17 /* SpeechLanguageType.swift in Sources */,
				3B319F2D23855FC00038A7AC /* LogInRouter.swift in Sources */,
				3B5721AF23853C8D008CAB42 /* AppDelegate.swift in Sources */,
				3B825BB72386ED89009D62E8 /* UINavigationController.swift in Sources */,
				3B319F6323857BFE0038A7AC /* RoundedButton.swift in Sources */,
				3B825B9123868912009D62E8 /* AuthService.swift in Sources */,
				3BC52C35238FD816006FB7F8 /* MainViewModel.swift in Sources */,
				3B031E19239C048A00946F8D /* BackCardSideView.swift in Sources */,
				3BC99CCD2390303500D0D869 /* ModalTransitionAnimatorProtocol.swift in Sources */,
				3BC99CCB23902F9A00D0D869 /* ModalTransitionAnimator.swift in Sources */,
				3B1544D123A29311004C0B75 /* LanguageChoiceViewController.swift in Sources */,
				3B6CF099239E2E77007CDA17 /* SpeechService.swift in Sources */,
				3B242F71239FFF8500B90C41 /* ListenerService.swift in Sources */,
			);
			runOnlyForDeploymentPostprocessing = 0;
		};
/* End PBXSourcesBuildPhase section */

/* Begin PBXVariantGroup section */
		3B5721B923853C8E008CAB42 /* LaunchScreen.storyboard */ = {
			isa = PBXVariantGroup;
			children = (
				3B5721BA23853C8E008CAB42 /* Base */,
			);
			name = LaunchScreen.storyboard;
			sourceTree = "<group>";
		};
/* End PBXVariantGroup section */

/* Begin XCBuildConfiguration section */
		3B5721BD23853C8E008CAB42 /* Debug */ = {
			isa = XCBuildConfiguration;
			buildSettings = {
				ALWAYS_SEARCH_USER_PATHS = NO;
				CLANG_ANALYZER_NONNULL = YES;
				CLANG_ANALYZER_NUMBER_OBJECT_CONVERSION = YES_AGGRESSIVE;
				CLANG_CXX_LANGUAGE_STANDARD = "gnu++14";
				CLANG_CXX_LIBRARY = "libc++";
				CLANG_ENABLE_MODULES = YES;
				CLANG_ENABLE_OBJC_ARC = YES;
				CLANG_ENABLE_OBJC_WEAK = YES;
				CLANG_WARN_BLOCK_CAPTURE_AUTORELEASING = YES;
				CLANG_WARN_BOOL_CONVERSION = YES;
				CLANG_WARN_COMMA = YES;
				CLANG_WARN_CONSTANT_CONVERSION = YES;
				CLANG_WARN_DEPRECATED_OBJC_IMPLEMENTATIONS = YES;
				CLANG_WARN_DIRECT_OBJC_ISA_USAGE = YES_ERROR;
				CLANG_WARN_DOCUMENTATION_COMMENTS = YES;
				CLANG_WARN_EMPTY_BODY = YES;
				CLANG_WARN_ENUM_CONVERSION = YES;
				CLANG_WARN_INFINITE_RECURSION = YES;
				CLANG_WARN_INT_CONVERSION = YES;
				CLANG_WARN_NON_LITERAL_NULL_CONVERSION = YES;
				CLANG_WARN_OBJC_IMPLICIT_RETAIN_SELF = YES;
				CLANG_WARN_OBJC_LITERAL_CONVERSION = YES;
				CLANG_WARN_OBJC_ROOT_CLASS = YES_ERROR;
				CLANG_WARN_RANGE_LOOP_ANALYSIS = YES;
				CLANG_WARN_STRICT_PROTOTYPES = YES;
				CLANG_WARN_SUSPICIOUS_MOVE = YES;
				CLANG_WARN_UNGUARDED_AVAILABILITY = YES_AGGRESSIVE;
				CLANG_WARN_UNREACHABLE_CODE = YES;
				CLANG_WARN__DUPLICATE_METHOD_MATCH = YES;
				COPY_PHASE_STRIP = NO;
				DEBUG_INFORMATION_FORMAT = dwarf;
				ENABLE_STRICT_OBJC_MSGSEND = YES;
				ENABLE_TESTABILITY = YES;
				GCC_C_LANGUAGE_STANDARD = gnu11;
				GCC_DYNAMIC_NO_PIC = NO;
				GCC_NO_COMMON_BLOCKS = YES;
				GCC_OPTIMIZATION_LEVEL = 0;
				GCC_PREPROCESSOR_DEFINITIONS = (
					"DEBUG=1",
					"$(inherited)",
				);
				GCC_WARN_64_TO_32_BIT_CONVERSION = YES;
				GCC_WARN_ABOUT_RETURN_TYPE = YES_ERROR;
				GCC_WARN_UNDECLARED_SELECTOR = YES;
				GCC_WARN_UNINITIALIZED_AUTOS = YES_AGGRESSIVE;
				GCC_WARN_UNUSED_FUNCTION = YES;
				GCC_WARN_UNUSED_VARIABLE = YES;
				IPHONEOS_DEPLOYMENT_TARGET = 13.1;
				MTL_ENABLE_DEBUG_INFO = INCLUDE_SOURCE;
				MTL_FAST_MATH = YES;
				ONLY_ACTIVE_ARCH = YES;
				SDKROOT = iphoneos;
				SWIFT_ACTIVE_COMPILATION_CONDITIONS = DEBUG;
				SWIFT_OPTIMIZATION_LEVEL = "-Onone";
			};
			name = Debug;
		};
		3B5721BE23853C8E008CAB42 /* Release */ = {
			isa = XCBuildConfiguration;
			buildSettings = {
				ALWAYS_SEARCH_USER_PATHS = NO;
				CLANG_ANALYZER_NONNULL = YES;
				CLANG_ANALYZER_NUMBER_OBJECT_CONVERSION = YES_AGGRESSIVE;
				CLANG_CXX_LANGUAGE_STANDARD = "gnu++14";
				CLANG_CXX_LIBRARY = "libc++";
				CLANG_ENABLE_MODULES = YES;
				CLANG_ENABLE_OBJC_ARC = YES;
				CLANG_ENABLE_OBJC_WEAK = YES;
				CLANG_WARN_BLOCK_CAPTURE_AUTORELEASING = YES;
				CLANG_WARN_BOOL_CONVERSION = YES;
				CLANG_WARN_COMMA = YES;
				CLANG_WARN_CONSTANT_CONVERSION = YES;
				CLANG_WARN_DEPRECATED_OBJC_IMPLEMENTATIONS = YES;
				CLANG_WARN_DIRECT_OBJC_ISA_USAGE = YES_ERROR;
				CLANG_WARN_DOCUMENTATION_COMMENTS = YES;
				CLANG_WARN_EMPTY_BODY = YES;
				CLANG_WARN_ENUM_CONVERSION = YES;
				CLANG_WARN_INFINITE_RECURSION = YES;
				CLANG_WARN_INT_CONVERSION = YES;
				CLANG_WARN_NON_LITERAL_NULL_CONVERSION = YES;
				CLANG_WARN_OBJC_IMPLICIT_RETAIN_SELF = YES;
				CLANG_WARN_OBJC_LITERAL_CONVERSION = YES;
				CLANG_WARN_OBJC_ROOT_CLASS = YES_ERROR;
				CLANG_WARN_RANGE_LOOP_ANALYSIS = YES;
				CLANG_WARN_STRICT_PROTOTYPES = YES;
				CLANG_WARN_SUSPICIOUS_MOVE = YES;
				CLANG_WARN_UNGUARDED_AVAILABILITY = YES_AGGRESSIVE;
				CLANG_WARN_UNREACHABLE_CODE = YES;
				CLANG_WARN__DUPLICATE_METHOD_MATCH = YES;
				COPY_PHASE_STRIP = NO;
				DEBUG_INFORMATION_FORMAT = "dwarf-with-dsym";
				ENABLE_NS_ASSERTIONS = NO;
				ENABLE_STRICT_OBJC_MSGSEND = YES;
				GCC_C_LANGUAGE_STANDARD = gnu11;
				GCC_NO_COMMON_BLOCKS = YES;
				GCC_WARN_64_TO_32_BIT_CONVERSION = YES;
				GCC_WARN_ABOUT_RETURN_TYPE = YES_ERROR;
				GCC_WARN_UNDECLARED_SELECTOR = YES;
				GCC_WARN_UNINITIALIZED_AUTOS = YES_AGGRESSIVE;
				GCC_WARN_UNUSED_FUNCTION = YES;
				GCC_WARN_UNUSED_VARIABLE = YES;
				IPHONEOS_DEPLOYMENT_TARGET = 13.1;
				MTL_ENABLE_DEBUG_INFO = NO;
				MTL_FAST_MATH = YES;
				SDKROOT = iphoneos;
				SWIFT_COMPILATION_MODE = wholemodule;
				SWIFT_OPTIMIZATION_LEVEL = "-O";
				VALIDATE_PRODUCT = YES;
			};
			name = Release;
		};
		3B5721C023853C8E008CAB42 /* Debug */ = {
			isa = XCBuildConfiguration;
			baseConfigurationReference = A1BD44A03D54340959641A21 /* Pods-TranslationCards.debug.xcconfig */;
			buildSettings = {
				ASSETCATALOG_COMPILER_APPICON_NAME = AppIcon;
				CODE_SIGN_STYLE = Automatic;
				DEVELOPMENT_TEAM = QH3XGD28XC;
				ENABLE_PREVIEWS = YES;
				INFOPLIST_FILE = TranslationCards/Resources/Info.plist;
				IPHONEOS_DEPLOYMENT_TARGET = 11.0;
				LD_RUNPATH_SEARCH_PATHS = (
					"$(inherited)",
					"@executable_path/Frameworks",
				);
				PRODUCT_BUNDLE_IDENTIFIER = com.varacompany.TranslationCards;
				PRODUCT_NAME = "$(TARGET_NAME)";
				SWIFT_VERSION = 5.0;
				TARGETED_DEVICE_FAMILY = "1,2";
			};
			name = Debug;
		};
		3B5721C123853C8E008CAB42 /* Release */ = {
			isa = XCBuildConfiguration;
			baseConfigurationReference = D964A9ADE437BAC3C2A16C31 /* Pods-TranslationCards.release.xcconfig */;
			buildSettings = {
				ASSETCATALOG_COMPILER_APPICON_NAME = AppIcon;
				CODE_SIGN_STYLE = Automatic;
				DEVELOPMENT_TEAM = QH3XGD28XC;
				ENABLE_PREVIEWS = YES;
				INFOPLIST_FILE = TranslationCards/Resources/Info.plist;
				IPHONEOS_DEPLOYMENT_TARGET = 11.0;
				LD_RUNPATH_SEARCH_PATHS = (
					"$(inherited)",
					"@executable_path/Frameworks",
				);
				PRODUCT_BUNDLE_IDENTIFIER = com.varacompany.TranslationCards;
				PRODUCT_NAME = "$(TARGET_NAME)";
				SWIFT_VERSION = 5.0;
				TARGETED_DEVICE_FAMILY = "1,2";
			};
			name = Release;
		};
/* End XCBuildConfiguration section */

/* Begin XCConfigurationList section */
		3B5721A623853C8C008CAB42 /* Build configuration list for PBXProject "TranslationCards" */ = {
			isa = XCConfigurationList;
			buildConfigurations = (
				3B5721BD23853C8E008CAB42 /* Debug */,
				3B5721BE23853C8E008CAB42 /* Release */,
			);
			defaultConfigurationIsVisible = 0;
			defaultConfigurationName = Release;
		};
		3B5721BF23853C8E008CAB42 /* Build configuration list for PBXNativeTarget "TranslationCards" */ = {
			isa = XCConfigurationList;
			buildConfigurations = (
				3B5721C023853C8E008CAB42 /* Debug */,
				3B5721C123853C8E008CAB42 /* Release */,
			);
			defaultConfigurationIsVisible = 0;
			defaultConfigurationName = Release;
		};
/* End XCConfigurationList section */
	};
	rootObject = 3B5721A323853C8C008CAB42 /* Project object */;
}
